// !$*UTF8*$!
{
	archiveVersion = 1;
	classes = {
	};
	objectVersion = 56;
	objects = {

/* Begin PBXBuildFile section */
		BED123BC2A8C90B500959A8E /* AppDelegate.swift in Sources */ = {isa = PBXBuildFile; fileRef = BED123BB2A8C90B500959A8E /* AppDelegate.swift */; };
		BED123BE2A8C90B500959A8E /* SceneDelegate.swift in Sources */ = {isa = PBXBuildFile; fileRef = BED123BD2A8C90B500959A8E /* SceneDelegate.swift */; };
		BED123C02A8C90B500959A8E /* ViewController.swift in Sources */ = {isa = PBXBuildFile; fileRef = BED123BF2A8C90B500959A8E /* ViewController.swift */; };
		BED123C32A8C90B500959A8E /* Main.storyboard in Resources */ = {isa = PBXBuildFile; fileRef = BED123C12A8C90B500959A8E /* Main.storyboard */; };
		BED123C52A8C90B600959A8E /* Assets.xcassets in Resources */ = {isa = PBXBuildFile; fileRef = BED123C42A8C90B600959A8E /* Assets.xcassets */; };
		BED123C82A8C90B600959A8E /* LaunchScreen.storyboard in Resources */ = {isa = PBXBuildFile; fileRef = BED123C62A8C90B600959A8E /* LaunchScreen.storyboard */; };
		BED123D32A8C90B700959A8E /* GettingStartedTests.swift in Sources */ = {isa = PBXBuildFile; fileRef = BED123D22A8C90B700959A8E /* GettingStartedTests.swift */; };
		BED123DD2A8C90B700959A8E /* GettingStartedUITests.swift in Sources */ = {isa = PBXBuildFile; fileRef = BED123DC2A8C90B700959A8E /* GettingStartedUITests.swift */; };
		BED123DF2A8C90B700959A8E /* GettingStartedUITestsLaunchTests.swift in Sources */ = {isa = PBXBuildFile; fileRef = BED123DE2A8C90B700959A8E /* GettingStartedUITestsLaunchTests.swift */; };
/* End PBXBuildFile section */

/* Begin PBXContainerItemProxy section */
		BED123CF2A8C90B700959A8E /* PBXContainerItemProxy */ = {
			isa = PBXContainerItemProxy;
			containerPortal = BED123B02A8C90B500959A8E /* Project object */;
			proxyType = 1;
			remoteGlobalIDString = BED123B72A8C90B500959A8E;
			remoteInfo = GettingStarted;
		};
		BED123D92A8C90B700959A8E /* PBXContainerItemProxy */ = {
			isa = PBXContainerItemProxy;
			containerPortal = BED123B02A8C90B500959A8E /* Project object */;
			proxyType = 1;
			remoteGlobalIDString = BED123B72A8C90B500959A8E;
			remoteInfo = GettingStarted;
		};
/* End PBXContainerItemProxy section */

/* Begin PBXFileReference section */
		BED123B82A8C90B500959A8E /* GettingStarted.app */ = {isa = PBXFileReference; explicitFileType = wrapper.application; includeInIndex = 0; path = GettingStarted.app; sourceTree = BUILT_PRODUCTS_DIR; };
		BED123BB2A8C90B500959A8E /* AppDelegate.swift */ = {isa = PBXFileReference; lastKnownFileType = sourcecode.swift; path = AppDelegate.swift; sourceTree = "<group>"; };
		BED123BD2A8C90B500959A8E /* SceneDelegate.swift */ = {isa = PBXFileReference; lastKnownFileType = sourcecode.swift; path = SceneDelegate.swift; sourceTree = "<group>"; };
		BED123BF2A8C90B500959A8E /* ViewController.swift */ = {isa = PBXFileReference; lastKnownFileType = sourcecode.swift; path = ViewController.swift; sourceTree = "<group>"; };
		BED123C22A8C90B500959A8E /* Base */ = {isa = PBXFileReference; lastKnownFileType = file.storyboard; name = Base; path = Base.lproj/Main.storyboard; sourceTree = "<group>"; };
		BED123C42A8C90B600959A8E /* Assets.xcassets */ = {isa = PBXFileReference; lastKnownFileType = folder.assetcatalog; path = Assets.xcassets; sourceTree = "<group>"; };
		BED123C72A8C90B600959A8E /* Base */ = {isa = PBXFileReference; lastKnownFileType = file.storyboard; name = Base; path = Base.lproj/LaunchScreen.storyboard; sourceTree = "<group>"; };
		BED123C92A8C90B600959A8E /* Info.plist */ = {isa = PBXFileReference; lastKnownFileType = text.plist.xml; path = Info.plist; sourceTree = "<group>"; };
		BED123CE2A8C90B700959A8E /* GettingStartedTests.xctest */ = {isa = PBXFileReference; explicitFileType = wrapper.cfbundle; includeInIndex = 0; path = GettingStartedTests.xctest; sourceTree = BUILT_PRODUCTS_DIR; };
		BED123D22A8C90B700959A8E /* GettingStartedTests.swift */ = {isa = PBXFileReference; lastKnownFileType = sourcecode.swift; path = GettingStartedTests.swift; sourceTree = "<group>"; };
		BED123D82A8C90B700959A8E /* GettingStartedUITests.xctest */ = {isa = PBXFileReference; explicitFileType = wrapper.cfbundle; includeInIndex = 0; path = GettingStartedUITests.xctest; sourceTree = BUILT_PRODUCTS_DIR; };
		BED123DC2A8C90B700959A8E /* GettingStartedUITests.swift */ = {isa = PBXFileReference; lastKnownFileType = sourcecode.swift; path = GettingStartedUITests.swift; sourceTree = "<group>"; };
		BED123DE2A8C90B700959A8E /* GettingStartedUITestsLaunchTests.swift */ = {isa = PBXFileReference; lastKnownFileType = sourcecode.swift; path = GettingStartedUITestsLaunchTests.swift; sourceTree = "<group>"; };
/* End PBXFileReference section */

/* Begin PBXFrameworksBuildPhase section */
		BED123B52A8C90B500959A8E /* Frameworks */ = {
			isa = PBXFrameworksBuildPhase;
			buildActionMask = 2147483647;
			files = (
			);
			runOnlyForDeploymentPostprocessing = 0;
		};
		BED123CB2A8C90B700959A8E /* Frameworks */ = {
			isa = PBXFrameworksBuildPhase;
			buildActionMask = 2147483647;
			files = (
			);
			runOnlyForDeploymentPostprocessing = 0;
		};
		BED123D52A8C90B700959A8E /* Frameworks */ = {
			isa = PBXFrameworksBuildPhase;
			buildActionMask = 2147483647;
			files = (
			);
			runOnlyForDeploymentPostprocessing = 0;
		};
/* End PBXFrameworksBuildPhase section */

/* Begin PBXGroup section */
		BED123AF2A8C90B500959A8E = {
			isa = PBXGroup;
			children = (
				BED123BA2A8C90B500959A8E /* GettingStarted */,
				BED123D12A8C90B700959A8E /* GettingStartedTests */,
				BED123DB2A8C90B700959A8E /* GettingStartedUITests */,
				BED123B92A8C90B500959A8E /* Products */,
			);
			sourceTree = "<group>";
		};
		BED123B92A8C90B500959A8E /* Products */ = {
			isa = PBXGroup;
			children = (
				BED123B82A8C90B500959A8E /* GettingStarted.app */,
				BED123CE2A8C90B700959A8E /* GettingStartedTests.xctest */,
				BED123D82A8C90B700959A8E /* GettingStartedUITests.xctest */,
			);
			name = Products;
			sourceTree = "<group>";
		};
		BED123BA2A8C90B500959A8E /* GettingStarted */ = {
			isa = PBXGroup;
			children = (
				BED123BB2A8C90B500959A8E /* AppDelegate.swift */,
				BED123BD2A8C90B500959A8E /* SceneDelegate.swift */,
				BED123BF2A8C90B500959A8E /* ViewController.swift */,
				BED123C12A8C90B500959A8E /* Main.storyboard */,
				BED123C42A8C90B600959A8E /* Assets.xcassets */,
				BED123C62A8C90B600959A8E /* LaunchScreen.storyboard */,
				BED123C92A8C90B600959A8E /* Info.plist */,
			);
			path = GettingStarted;
			sourceTree = "<group>";
		};
		BED123D12A8C90B700959A8E /* GettingStartedTests */ = {
			isa = PBXGroup;
			children = (
				BED123D22A8C90B700959A8E /* GettingStartedTests.swift */,
			);
			path = GettingStartedTests;
			sourceTree = "<group>";
		};
		BED123DB2A8C90B700959A8E /* GettingStartedUITests */ = {
			isa = PBXGroup;
			children = (
				BED123DC2A8C90B700959A8E /* GettingStartedUITests.swift */,
				BED123DE2A8C90B700959A8E /* GettingStartedUITestsLaunchTests.swift */,
			);
			path = GettingStartedUITests;
			sourceTree = "<group>";
		};
/* End PBXGroup section */

/* Begin PBXNativeTarget section */
		BED123B72A8C90B500959A8E /* GettingStarted */ = {
			isa = PBXNativeTarget;
			buildConfigurationList = BED123E22A8C90B700959A8E /* Build configuration list for PBXNativeTarget "GettingStarted" */;
			buildPhases = (
				BED123B42A8C90B500959A8E /* Sources */,
				BED123B52A8C90B500959A8E /* Frameworks */,
				BED123B62A8C90B500959A8E /* Resources */,
			);
			buildRules = (
			);
			dependencies = (
			);
			name = GettingStarted;
			productName = GettingStarted;
			productReference = BED123B82A8C90B500959A8E /* GettingStarted.app */;
			productType = "com.apple.product-type.application";
		};
		BED123CD2A8C90B700959A8E /* GettingStartedTests */ = {
			isa = PBXNativeTarget;
			buildConfigurationList = BED123E52A8C90B700959A8E /* Build configuration list for PBXNativeTarget "GettingStartedTests" */;
			buildPhases = (
				BED123CA2A8C90B700959A8E /* Sources */,
				BED123CB2A8C90B700959A8E /* Frameworks */,
				BED123CC2A8C90B700959A8E /* Resources */,
			);
			buildRules = (
			);
			dependencies = (
				BED123D02A8C90B700959A8E /* PBXTargetDependency */,
			);
			name = GettingStartedTests;
			productName = GettingStartedTests;
			productReference = BED123CE2A8C90B700959A8E /* GettingStartedTests.xctest */;
			productType = "com.apple.product-type.bundle.unit-test";
		};
		BED123D72A8C90B700959A8E /* GettingStartedUITests */ = {
			isa = PBXNativeTarget;
			buildConfigurationList = BED123E82A8C90B700959A8E /* Build configuration list for PBXNativeTarget "GettingStartedUITests" */;
			buildPhases = (
				BED123D42A8C90B700959A8E /* Sources */,
				BED123D52A8C90B700959A8E /* Frameworks */,
				BED123D62A8C90B700959A8E /* Resources */,
			);
			buildRules = (
			);
			dependencies = (
				BED123DA2A8C90B700959A8E /* PBXTargetDependency */,
			);
			name = GettingStartedUITests;
			productName = GettingStartedUITests;
			productReference = BED123D82A8C90B700959A8E /* GettingStartedUITests.xctest */;
			productType = "com.apple.product-type.bundle.ui-testing";
		};
/* End PBXNativeTarget section */

/* Begin PBXProject section */
		BED123B02A8C90B500959A8E /* Project object */ = {
			isa = PBXProject;
			attributes = {
				BuildIndependentTargetsInParallel = 1;
				LastSwiftUpdateCheck = 1430;
				LastUpgradeCheck = 1430;
				TargetAttributes = {
					BED123B72A8C90B500959A8E = {
						CreatedOnToolsVersion = 14.3.1;
					};
					BED123CD2A8C90B700959A8E = {
						CreatedOnToolsVersion = 14.3.1;
						TestTargetID = BED123B72A8C90B500959A8E;
					};
					BED123D72A8C90B700959A8E = {
						CreatedOnToolsVersion = 14.3.1;
						TestTargetID = BED123B72A8C90B500959A8E;
					};
				};
			};
			buildConfigurationList = BED123B32A8C90B500959A8E /* Build configuration list for PBXProject "GettingStarted" */;
			compatibilityVersion = "Xcode 14.0";
			developmentRegion = en;
			hasScannedForEncodings = 0;
			knownRegions = (
				en,
				Base,
			);
			mainGroup = BED123AF2A8C90B500959A8E;
			productRefGroup = BED123B92A8C90B500959A8E /* Products */;
			projectDirPath = "";
			projectRoot = "";
			targets = (
				BED123B72A8C90B500959A8E /* GettingStarted */,
				BED123CD2A8C90B700959A8E /* GettingStartedTests */,
				BED123D72A8C90B700959A8E /* GettingStartedUITests */,
			);
		};
/* End PBXProject section */

/* Begin PBXResourcesBuildPhase section */
		BED123B62A8C90B500959A8E /* Resources */ = {
			isa = PBXResourcesBuildPhase;
			buildActionMask = 2147483647;
			files = (
				BED123C82A8C90B600959A8E /* LaunchScreen.storyboard in Resources */,
				BED123C52A8C90B600959A8E /* Assets.xcassets in Resources */,
				BED123C32A8C90B500959A8E /* Main.storyboard in Resources */,
			);
			runOnlyForDeploymentPostprocessing = 0;
		};
		BED123CC2A8C90B700959A8E /* Resources */ = {
			isa = PBXResourcesBuildPhase;
			buildActionMask = 2147483647;
			files = (
			);
			runOnlyForDeploymentPostprocessing = 0;
		};
		BED123D62A8C90B700959A8E /* Resources */ = {
			isa = PBXResourcesBuildPhase;
			buildActionMask = 2147483647;
			files = (
			);
			runOnlyForDeploymentPostprocessing = 0;
		};
/* End PBXResourcesBuildPhase section */

/* Begin PBXSourcesBuildPhase section */
		BED123B42A8C90B500959A8E /* Sources */ = {
			isa = PBXSourcesBuildPhase;
			buildActionMask = 2147483647;
			files = (
				BED123C02A8C90B500959A8E /* ViewController.swift in Sources */,
				BED123BC2A8C90B500959A8E /* AppDelegate.swift in Sources */,
				BED123BE2A8C90B500959A8E /* SceneDelegate.swift in Sources */,
			);
			runOnlyForDeploymentPostprocessing = 0;
		};
		BED123CA2A8C90B700959A8E /* Sources */ = {
			isa = PBXSourcesBuildPhase;
			buildActionMask = 2147483647;
			files = (
				BED123D32A8C90B700959A8E /* GettingStartedTests.swift in Sources */,
			);
			runOnlyForDeploymentPostprocessing = 0;
		};
		BED123D42A8C90B700959A8E /* Sources */ = {
			isa = PBXSourcesBuildPhase;
			buildActionMask = 2147483647;
			files = (
				BED123DD2A8C90B700959A8E /* GettingStartedUITests.swift in Sources */,
				BED123DF2A8C90B700959A8E /* GettingStartedUITestsLaunchTests.swift in Sources */,
			);
			runOnlyForDeploymentPostprocessing = 0;
		};
/* End PBXSourcesBuildPhase section */

/* Begin PBXTargetDependency section */
		BED123D02A8C90B700959A8E /* PBXTargetDependency */ = {
			isa = PBXTargetDependency;
			target = BED123B72A8C90B500959A8E /* GettingStarted */;
			targetProxy = BED123CF2A8C90B700959A8E /* PBXContainerItemProxy */;
		};
		BED123DA2A8C90B700959A8E /* PBXTargetDependency */ = {
			isa = PBXTargetDependency;
			target = BED123B72A8C90B500959A8E /* GettingStarted */;
			targetProxy = BED123D92A8C90B700959A8E /* PBXContainerItemProxy */;
		};
/* End PBXTargetDependency section */

/* Begin PBXVariantGroup section */
		BED123C12A8C90B500959A8E /* Main.storyboard */ = {
			isa = PBXVariantGroup;
			children = (
				BED123C22A8C90B500959A8E /* Base */,
			);
			name = Main.storyboard;
			sourceTree = "<group>";
		};
		BED123C62A8C90B600959A8E /* LaunchScreen.storyboard */ = {
			isa = PBXVariantGroup;
			children = (
				BED123C72A8C90B600959A8E /* Base */,
			);
			name = LaunchScreen.storyboard;
			sourceTree = "<group>";
		};
/* End PBXVariantGroup section */

/* Begin XCBuildConfiguration section */
		BED123E02A8C90B700959A8E /* Debug */ = {
			isa = XCBuildConfiguration;
			buildSettings = {
				ALWAYS_SEARCH_USER_PATHS = NO;
				CLANG_ANALYZER_NONNULL = YES;
				CLANG_ANALYZER_NUMBER_OBJECT_CONVERSION = YES_AGGRESSIVE;
				CLANG_CXX_LANGUAGE_STANDARD = "gnu++20";
				CLANG_ENABLE_MODULES = YES;
				CLANG_ENABLE_OBJC_ARC = YES;
				CLANG_ENABLE_OBJC_WEAK = YES;
				CLANG_WARN_BLOCK_CAPTURE_AUTORELEASING = YES;
				CLANG_WARN_BOOL_CONVERSION = YES;
				CLANG_WARN_COMMA = YES;
				CLANG_WARN_CONSTANT_CONVERSION = YES;
				CLANG_WARN_DEPRECATED_OBJC_IMPLEMENTATIONS = YES;
				CLANG_WARN_DIRECT_OBJC_ISA_USAGE = YES_ERROR;
				CLANG_WARN_DOCUMENTATION_COMMENTS = YES;
				CLANG_WARN_EMPTY_BODY = YES;
				CLANG_WARN_ENUM_CONVERSION = YES;
				CLANG_WARN_INFINITE_RECURSION = YES;
				CLANG_WARN_INT_CONVERSION = YES;
				CLANG_WARN_NON_LITERAL_NULL_CONVERSION = YES;
				CLANG_WARN_OBJC_IMPLICIT_RETAIN_SELF = YES;
				CLANG_WARN_OBJC_LITERAL_CONVERSION = YES;
				CLANG_WARN_OBJC_ROOT_CLASS = YES_ERROR;
				CLANG_WARN_QUOTED_INCLUDE_IN_FRAMEWORK_HEADER = YES;
				CLANG_WARN_RANGE_LOOP_ANALYSIS = YES;
				CLANG_WARN_STRICT_PROTOTYPES = YES;
				CLANG_WARN_SUSPICIOUS_MOVE = YES;
				CLANG_WARN_UNGUARDED_AVAILABILITY = YES_AGGRESSIVE;
				CLANG_WARN_UNREACHABLE_CODE = YES;
				CLANG_WARN__DUPLICATE_METHOD_MATCH = YES;
				COPY_PHASE_STRIP = NO;
				DEBUG_INFORMATION_FORMAT = dwarf;
				ENABLE_STRICT_OBJC_MSGSEND = YES;
				ENABLE_TESTABILITY = YES;
				GCC_C_LANGUAGE_STANDARD = gnu11;
				GCC_DYNAMIC_NO_PIC = NO;
				GCC_NO_COMMON_BLOCKS = YES;
				GCC_OPTIMIZATION_LEVEL = 0;
				GCC_PREPROCESSOR_DEFINITIONS = (
					"DEBUG=1",
					"$(inherited)",
				);
				GCC_WARN_64_TO_32_BIT_CONVERSION = YES;
				GCC_WARN_ABOUT_RETURN_TYPE = YES_ERROR;
				GCC_WARN_UNDECLARED_SELECTOR = YES;
				GCC_WARN_UNINITIALIZED_AUTOS = YES_AGGRESSIVE;
				GCC_WARN_UNUSED_FUNCTION = YES;
				GCC_WARN_UNUSED_VARIABLE = YES;
				IPHONEOS_DEPLOYMENT_TARGET = 16.4;
				MTL_ENABLE_DEBUG_INFO = INCLUDE_SOURCE;
				MTL_FAST_MATH = YES;
				ONLY_ACTIVE_ARCH = YES;
				SDKROOT = iphoneos;
				SWIFT_ACTIVE_COMPILATION_CONDITIONS = DEBUG;
				SWIFT_OPTIMIZATION_LEVEL = "-Onone";
			};
			name = Debug;
		};
		BED123E12A8C90B700959A8E /* Release */ = {
			isa = XCBuildConfiguration;
			buildSettings = {
				ALWAYS_SEARCH_USER_PATHS = NO;
				CLANG_ANALYZER_NONNULL = YES;
				CLANG_ANALYZER_NUMBER_OBJECT_CONVERSION = YES_AGGRESSIVE;
				CLANG_CXX_LANGUAGE_STANDARD = "gnu++20";
				CLANG_ENABLE_MODULES = YES;
				CLANG_ENABLE_OBJC_ARC = YES;
				CLANG_ENABLE_OBJC_WEAK = YES;
				CLANG_WARN_BLOCK_CAPTURE_AUTORELEASING = YES;
				CLANG_WARN_BOOL_CONVERSION = YES;
				CLANG_WARN_COMMA = YES;
				CLANG_WARN_CONSTANT_CONVERSION = YES;
				CLANG_WARN_DEPRECATED_OBJC_IMPLEMENTATIONS = YES;
				CLANG_WARN_DIRECT_OBJC_ISA_USAGE = YES_ERROR;
				CLANG_WARN_DOCUMENTATION_COMMENTS = YES;
				CLANG_WARN_EMPTY_BODY = YES;
				CLANG_WARN_ENUM_CONVERSION = YES;
				CLANG_WARN_INFINITE_RECURSION = YES;
				CLANG_WARN_INT_CONVERSION = YES;
				CLANG_WARN_NON_LITERAL_NULL_CONVERSION = YES;
				CLANG_WARN_OBJC_IMPLICIT_RETAIN_SELF = YES;
				CLANG_WARN_OBJC_LITERAL_CONVERSION = YES;
				CLANG_WARN_OBJC_ROOT_CLASS = YES_ERROR;
				CLANG_WARN_QUOTED_INCLUDE_IN_FRAMEWORK_HEADER = YES;
				CLANG_WARN_RANGE_LOOP_ANALYSIS = YES;
				CLANG_WARN_STRICT_PROTOTYPES = YES;
				CLANG_WARN_SUSPICIOUS_MOVE = YES;
				CLANG_WARN_UNGUARDED_AVAILABILITY = YES_AGGRESSIVE;
				CLANG_WARN_UNREACHABLE_CODE = YES;
				CLANG_WARN__DUPLICATE_METHOD_MATCH = YES;
				COPY_PHASE_STRIP = NO;
				DEBUG_INFORMATION_FORMAT = "dwarf-with-dsym";
				ENABLE_NS_ASSERTIONS = NO;
				ENABLE_STRICT_OBJC_MSGSEND = YES;
				GCC_C_LANGUAGE_STANDARD = gnu11;
				GCC_NO_COMMON_BLOCKS = YES;
				GCC_WARN_64_TO_32_BIT_CONVERSION = YES;
				GCC_WARN_ABOUT_RETURN_TYPE = YES_ERROR;
				GCC_WARN_UNDECLARED_SELECTOR = YES;
				GCC_WARN_UNINITIALIZED_AUTOS = YES_AGGRESSIVE;
				GCC_WARN_UNUSED_FUNCTION = YES;
				GCC_WARN_UNUSED_VARIABLE = YES;
				IPHONEOS_DEPLOYMENT_TARGET = 16.4;
				MTL_ENABLE_DEBUG_INFO = NO;
				MTL_FAST_MATH = YES;
				SDKROOT = iphoneos;
				SWIFT_COMPILATION_MODE = wholemodule;
				SWIFT_OPTIMIZATION_LEVEL = "-O";
				VALIDATE_PRODUCT = YES;
			};
			name = Release;
		};
		BED123E32A8C90B700959A8E /* Debug */ = {
			isa = XCBuildConfiguration;
			buildSettings = {
				ASSETCATALOG_COMPILER_APPICON_NAME = AppIcon;
				ASSETCATALOG_COMPILER_GLOBAL_ACCENT_COLOR_NAME = AccentColor;
				CODE_SIGN_STYLE = Automatic;
				CURRENT_PROJECT_VERSION = 1;
				GENERATE_INFOPLIST_FILE = YES;
				INFOPLIST_FILE = GettingStarted/Info.plist;
				INFOPLIST_KEY_UIApplicationSupportsIndirectInputEvents = YES;
				INFOPLIST_KEY_UILaunchStoryboardName = LaunchScreen;
				INFOPLIST_KEY_UIMainStoryboardFile = Main;
				INFOPLIST_KEY_UISupportedInterfaceOrientations_iPad = "UIInterfaceOrientationPortrait UIInterfaceOrientationPortraitUpsideDown UIInterfaceOrientationLandscapeLeft UIInterfaceOrientationLandscapeRight";
				INFOPLIST_KEY_UISupportedInterfaceOrientations_iPhone = "UIInterfaceOrientationPortrait UIInterfaceOrientationLandscapeLeft UIInterfaceOrientationLandscapeRight";
				LD_RUNPATH_SEARCH_PATHS = (
					"$(inherited)",
					"@executable_path/Frameworks",
				);
				MARKETING_VERSION = 1.0;
				PRODUCT_BUNDLE_IDENTIFIER = none.GettingStarted;
				PRODUCT_NAME = "$(TARGET_NAME)";
				SWIFT_EMIT_LOC_STRINGS = YES;
				SWIFT_VERSION = 5.0;
				TARGETED_DEVICE_FAMILY = "1,2";
			};
			name = Debug;
		};
		BED123E42A8C90B700959A8E /* Release */ = {
			isa = XCBuildConfiguration;
			buildSettings = {
				ASSETCATALOG_COMPILER_APPICON_NAME = AppIcon;
				ASSETCATALOG_COMPILER_GLOBAL_ACCENT_COLOR_NAME = AccentColor;
				CODE_SIGN_STYLE = Automatic;
				CURRENT_PROJECT_VERSION = 1;
				GENERATE_INFOPLIST_FILE = YES;
				INFOPLIST_FILE = GettingStarted/Info.plist;
				INFOPLIST_KEY_UIApplicationSupportsIndirectInputEvents = YES;
				INFOPLIST_KEY_UILaunchStoryboardName = LaunchScreen;
				INFOPLIST_KEY_UIMainStoryboardFile = Main;
				INFOPLIST_KEY_UISupportedInterfaceOrientations_iPad = "UIInterfaceOrientationPortrait UIInterfaceOrientationPortraitUpsideDown UIInterfaceOrientationLandscapeLeft UIInterfaceOrientationLandscapeRight";
				INFOPLIST_KEY_UISupportedInterfaceOrientations_iPhone = "UIInterfaceOrientationPortrait UIInterfaceOrientationLandscapeLeft UIInterfaceOrientationLandscapeRight";
				LD_RUNPATH_SEARCH_PATHS = (
					"$(inherited)",
					"@executable_path/Frameworks",
				);
				MARKETING_VERSION = 1.0;
				PRODUCT_BUNDLE_IDENTIFIER = none.GettingStarted;
				PRODUCT_NAME = "$(TARGET_NAME)";
				SWIFT_EMIT_LOC_STRINGS = YES;
				SWIFT_VERSION = 5.0;
				TARGETED_DEVICE_FAMILY = "1,2";
			};
			name = Release;
		};
		BED123E62A8C90B700959A8E /* Debug */ = {
			isa = XCBuildConfiguration;
			buildSettings = {
				ALWAYS_EMBED_SWIFT_STANDARD_LIBRARIES = YES;
				BUNDLE_LOADER = "$(TEST_HOST)";
				CODE_SIGN_STYLE = Automatic;
				CURRENT_PROJECT_VERSION = 1;
				GENERATE_INFOPLIST_FILE = YES;
				IPHONEOS_DEPLOYMENT_TARGET = 16.4;
				MARKETING_VERSION = 1.0;
				PRODUCT_BUNDLE_IDENTIFIER = none.GettingStartedTests;
				PRODUCT_NAME = "$(TARGET_NAME)";
				SWIFT_EMIT_LOC_STRINGS = NO;
				SWIFT_VERSION = 5.0;
				TARGETED_DEVICE_FAMILY = "1,2";
				TEST_HOST = "$(BUILT_PRODUCTS_DIR)/GettingStarted.app/$(BUNDLE_EXECUTABLE_FOLDER_PATH)/GettingStarted";
			};
			name = Debug;
		};
		BED123E72A8C90B700959A8E /* Release */ = {
			isa = XCBuildConfiguration;
			buildSettings = {
				ALWAYS_EMBED_SWIFT_STANDARD_LIBRARIES = YES;
				BUNDLE_LOADER = "$(TEST_HOST)";
				CODE_SIGN_STYLE = Automatic;
				CURRENT_PROJECT_VERSION = 1;
				GENERATE_INFOPLIST_FILE = YES;
				IPHONEOS_DEPLOYMENT_TARGET = 16.4;
				MARKETING_VERSION = 1.0;
				PRODUCT_BUNDLE_IDENTIFIER = none.GettingStartedTests;
				PRODUCT_NAME = "$(TARGET_NAME)";
				SWIFT_EMIT_LOC_STRINGS = NO;
				SWIFT_VERSION = 5.0;
				TARGETED_DEVICE_FAMILY = "1,2";
				TEST_HOST = "$(BUILT_PRODUCTS_DIR)/GettingStarted.app/$(BUNDLE_EXECUTABLE_FOLDER_PATH)/GettingStarted";
			};
			name = Release;
		};
		BED123E92A8C90B700959A8E /* Debug */ = {
			isa = XCBuildConfiguration;
			buildSettings = {
				ALWAYS_EMBED_SWIFT_STANDARD_LIBRARIES = YES;
				CODE_SIGN_STYLE = Automatic;
				CURRENT_PROJECT_VERSION = 1;
				GENERATE_INFOPLIST_FILE = YES;
				MARKETING_VERSION = 1.0;
				PRODUCT_BUNDLE_IDENTIFIER = none.GettingStartedUITests;
				PRODUCT_NAME = "$(TARGET_NAME)";
				SWIFT_EMIT_LOC_STRINGS = NO;
				SWIFT_VERSION = 5.0;
				TARGETED_DEVICE_FAMILY = "1,2";
				TEST_TARGET_NAME = GettingStarted;
			};
			name = Debug;
		};
		BED123EA2A8C90B700959A8E /* Release */ = {
			isa = XCBuildConfiguration;
			buildSettings = {
				ALWAYS_EMBED_SWIFT_STANDARD_LIBRARIES = YES;
				CODE_SIGN_STYLE = Automatic;
				CURRENT_PROJECT_VERSION = 1;
				GENERATE_INFOPLIST_FILE = YES;
				MARKETING_VERSION = 1.0;
				PRODUCT_BUNDLE_IDENTIFIER = none.GettingStartedUITests;
				PRODUCT_NAME = "$(TARGET_NAME)";
				SWIFT_EMIT_LOC_STRINGS = NO;
				SWIFT_VERSION = 5.0;
				TARGETED_DEVICE_FAMILY = "1,2";
				TEST_TARGET_NAME = GettingStarted;
			};
			name = Release;
		};
/* End XCBuildConfiguration section */

/* Begin XCConfigurationList section */
		BED123B32A8C90B500959A8E /* Build configuration list for PBXProject "GettingStarted" */ = {
			isa = XCConfigurationList;
			buildConfigurations = (
				BED123E02A8C90B700959A8E /* Debug */,
				BED123E12A8C90B700959A8E /* Release */,
			);
			defaultConfigurationIsVisible = 0;
			defaultConfigurationName = Release;
		};
		BED123E22A8C90B700959A8E /* Build configuration list for PBXNativeTarget "GettingStarted" */ = {
			isa = XCConfigurationList;
			buildConfigurations = (
				BED123E32A8C90B700959A8E /* Debug */,
				BED123E42A8C90B700959A8E /* Release */,
			);
			defaultConfigurationIsVisible = 0;
			defaultConfigurationName = Release;
		};
		BED123E52A8C90B700959A8E /* Build configuration list for PBXNativeTarget "GettingStartedTests" */ = {
			isa = XCConfigurationList;
			buildConfigurations = (
				BED123E62A8C90B700959A8E /* Debug */,
				BED123E72A8C90B700959A8E /* Release */,
			);
			defaultConfigurationIsVisible = 0;
			defaultConfigurationName = Release;
		};
		BED123E82A8C90B700959A8E /* Build configuration list for PBXNativeTarget "GettingStartedUITests" */ = {
			isa = XCConfigurationList;
			buildConfigurations = (
				BED123E92A8C90B700959A8E /* Debug */,
				BED123EA2A8C90B700959A8E /* Release */,
			);
			defaultConfigurationIsVisible = 0;
			defaultConfigurationName = Release;
		};
/* End XCConfigurationList section */
	};
	rootObject = BED123B02A8C90B500959A8E /* Project object */;
}
