// !$*UTF8*$!
{
	archiveVersion = 1;
	classes = {
	};
	objectVersion = 56;
	objects = {

/* Begin PBXBuildFile section */
		BE334EBA2A8C97A700B3093A /* AppDelegate.swift in Sources */ = {isa = PBXBuildFile; fileRef = BE334EB92A8C97A700B3093A /* AppDelegate.swift */; };
		BE334EBC2A8C97A700B3093A /* SceneDelegate.swift in Sources */ = {isa = PBXBuildFile; fileRef = BE334EBB2A8C97A700B3093A /* SceneDelegate.swift */; };
		BE334EBE2A8C97A700B3093A /* ViewController.swift in Sources */ = {isa = PBXBuildFile; fileRef = BE334EBD2A8C97A700B3093A /* ViewController.swift */; };
		BE334EC12A8C97A700B3093A /* Main.storyboard in Resources */ = {isa = PBXBuildFile; fileRef = BE334EBF2A8C97A700B3093A /* Main.storyboard */; };
		BE334EC32A8C97A700B3093A /* Assets.xcassets in Resources */ = {isa = PBXBuildFile; fileRef = BE334EC22A8C97A700B3093A /* Assets.xcassets */; };
		BE334EC62A8C97A700B3093A /* LaunchScreen.storyboard in Resources */ = {isa = PBXBuildFile; fileRef = BE334EC42A8C97A700B3093A /* LaunchScreen.storyboard */; };
		BE334ED12A8C97A700B3093A /* LightTests.swift in Sources */ = {isa = PBXBuildFile; fileRef = BE334ED02A8C97A700B3093A /* LightTests.swift */; };
		BE334EDB2A8C97A700B3093A /* LightUITests.swift in Sources */ = {isa = PBXBuildFile; fileRef = BE334EDA2A8C97A700B3093A /* LightUITests.swift */; };
		BE334EDD2A8C97A700B3093A /* LightUITestsLaunchTests.swift in Sources */ = {isa = PBXBuildFile; fileRef = BE334EDC2A8C97A700B3093A /* LightUITestsLaunchTests.swift */; };
/* End PBXBuildFile section */

/* Begin PBXContainerItemProxy section */
		BE334ECD2A8C97A700B3093A /* PBXContainerItemProxy */ = {
			isa = PBXContainerItemProxy;
			containerPortal = BE334EAE2A8C97A700B3093A /* Project object */;
			proxyType = 1;
			remoteGlobalIDString = BE334EB52A8C97A700B3093A;
			remoteInfo = Light;
		};
		BE334ED72A8C97A700B3093A /* PBXContainerItemProxy */ = {
			isa = PBXContainerItemProxy;
			containerPortal = BE334EAE2A8C97A700B3093A /* Project object */;
			proxyType = 1;
			remoteGlobalIDString = BE334EB52A8C97A700B3093A;
			remoteInfo = Light;
		};
/* End PBXContainerItemProxy section */

/* Begin PBXFileReference section */
		BE334EB62A8C97A700B3093A /* Light.app */ = {isa = PBXFileReference; explicitFileType = wrapper.application; includeInIndex = 0; path = Light.app; sourceTree = BUILT_PRODUCTS_DIR; };
		BE334EB92A8C97A700B3093A /* AppDelegate.swift */ = {isa = PBXFileReference; lastKnownFileType = sourcecode.swift; path = AppDelegate.swift; sourceTree = "<group>"; };
		BE334EBB2A8C97A700B3093A /* SceneDelegate.swift */ = {isa = PBXFileReference; lastKnownFileType = sourcecode.swift; path = SceneDelegate.swift; sourceTree = "<group>"; };
		BE334EBD2A8C97A700B3093A /* ViewController.swift */ = {isa = PBXFileReference; lastKnownFileType = sourcecode.swift; path = ViewController.swift; sourceTree = "<group>"; };
		BE334EC02A8C97A700B3093A /* Base */ = {isa = PBXFileReference; lastKnownFileType = file.storyboard; name = Base; path = Base.lproj/Main.storyboard; sourceTree = "<group>"; };
		BE334EC22A8C97A700B3093A /* Assets.xcassets */ = {isa = PBXFileReference; lastKnownFileType = folder.assetcatalog; path = Assets.xcassets; sourceTree = "<group>"; };
		BE334EC52A8C97A700B3093A /* Base */ = {isa = PBXFileReference; lastKnownFileType = file.storyboard; name = Base; path = Base.lproj/LaunchScreen.storyboard; sourceTree = "<group>"; };
		BE334EC72A8C97A700B3093A /* Info.plist */ = {isa = PBXFileReference; lastKnownFileType = text.plist.xml; path = Info.plist; sourceTree = "<group>"; };
		BE334ECC2A8C97A700B3093A /* LightTests.xctest */ = {isa = PBXFileReference; explicitFileType = wrapper.cfbundle; includeInIndex = 0; path = LightTests.xctest; sourceTree = BUILT_PRODUCTS_DIR; };
		BE334ED02A8C97A700B3093A /* LightTests.swift */ = {isa = PBXFileReference; lastKnownFileType = sourcecode.swift; path = LightTests.swift; sourceTree = "<group>"; };
		BE334ED62A8C97A700B3093A /* LightUITests.xctest */ = {isa = PBXFileReference; explicitFileType = wrapper.cfbundle; includeInIndex = 0; path = LightUITests.xctest; sourceTree = BUILT_PRODUCTS_DIR; };
		BE334EDA2A8C97A700B3093A /* LightUITests.swift */ = {isa = PBXFileReference; lastKnownFileType = sourcecode.swift; path = LightUITests.swift; sourceTree = "<group>"; };
		BE334EDC2A8C97A700B3093A /* LightUITestsLaunchTests.swift */ = {isa = PBXFileReference; lastKnownFileType = sourcecode.swift; path = LightUITestsLaunchTests.swift; sourceTree = "<group>"; };
/* End PBXFileReference section */

/* Begin PBXFrameworksBuildPhase section */
		BE334EB32A8C97A700B3093A /* Frameworks */ = {
			isa = PBXFrameworksBuildPhase;
			buildActionMask = 2147483647;
			files = (
			);
			runOnlyForDeploymentPostprocessing = 0;
		};
		BE334EC92A8C97A700B3093A /* Frameworks */ = {
			isa = PBXFrameworksBuildPhase;
			buildActionMask = 2147483647;
			files = (
			);
			runOnlyForDeploymentPostprocessing = 0;
		};
		BE334ED32A8C97A700B3093A /* Frameworks */ = {
			isa = PBXFrameworksBuildPhase;
			buildActionMask = 2147483647;
			files = (
			);
			runOnlyForDeploymentPostprocessing = 0;
		};
/* End PBXFrameworksBuildPhase section */

/* Begin PBXGroup section */
		BE334EAD2A8C97A700B3093A = {
			isa = PBXGroup;
			children = (
				BE334EB82A8C97A700B3093A /* Light */,
				BE334ECF2A8C97A700B3093A /* LightTests */,
				BE334ED92A8C97A700B3093A /* LightUITests */,
				BE334EB72A8C97A700B3093A /* Products */,
			);
			sourceTree = "<group>";
		};
		BE334EB72A8C97A700B3093A /* Products */ = {
			isa = PBXGroup;
			children = (
				BE334EB62A8C97A700B3093A /* Light.app */,
				BE334ECC2A8C97A700B3093A /* LightTests.xctest */,
				BE334ED62A8C97A700B3093A /* LightUITests.xctest */,
			);
			name = Products;
			sourceTree = "<group>";
		};
		BE334EB82A8C97A700B3093A /* Light */ = {
			isa = PBXGroup;
			children = (
				BE334EB92A8C97A700B3093A /* AppDelegate.swift */,
				BE334EBB2A8C97A700B3093A /* SceneDelegate.swift */,
				BE334EBD2A8C97A700B3093A /* ViewController.swift */,
				BE334EBF2A8C97A700B3093A /* Main.storyboard */,
				BE334EC22A8C97A700B3093A /* Assets.xcassets */,
				BE334EC42A8C97A700B3093A /* LaunchScreen.storyboard */,
				BE334EC72A8C97A700B3093A /* Info.plist */,
			);
			path = Light;
			sourceTree = "<group>";
		};
		BE334ECF2A8C97A700B3093A /* LightTests */ = {
			isa = PBXGroup;
			children = (
				BE334ED02A8C97A700B3093A /* LightTests.swift */,
			);
			path = LightTests;
			sourceTree = "<group>";
		};
		BE334ED92A8C97A700B3093A /* LightUITests */ = {
			isa = PBXGroup;
			children = (
				BE334EDA2A8C97A700B3093A /* LightUITests.swift */,
				BE334EDC2A8C97A700B3093A /* LightUITestsLaunchTests.swift */,
			);
			path = LightUITests;
			sourceTree = "<group>";
		};
/* End PBXGroup section */

/* Begin PBXNativeTarget section */
		BE334EB52A8C97A700B3093A /* Light */ = {
			isa = PBXNativeTarget;
			buildConfigurationList = BE334EE02A8C97A700B3093A /* Build configuration list for PBXNativeTarget "Light" */;
			buildPhases = (
				BE334EB22A8C97A700B3093A /* Sources */,
				BE334EB32A8C97A700B3093A /* Frameworks */,
				BE334EB42A8C97A700B3093A /* Resources */,
			);
			buildRules = (
			);
			dependencies = (
			);
			name = Light;
			productName = Light;
			productReference = BE334EB62A8C97A700B3093A /* Light.app */;
			productType = "com.apple.product-type.application";
		};
		BE334ECB2A8C97A700B3093A /* LightTests */ = {
			isa = PBXNativeTarget;
			buildConfigurationList = BE334EE32A8C97A700B3093A /* Build configuration list for PBXNativeTarget "LightTests" */;
			buildPhases = (
				BE334EC82A8C97A700B3093A /* Sources */,
				BE334EC92A8C97A700B3093A /* Frameworks */,
				BE334ECA2A8C97A700B3093A /* Resources */,
			);
			buildRules = (
			);
			dependencies = (
				BE334ECE2A8C97A700B3093A /* PBXTargetDependency */,
			);
			name = LightTests;
			productName = LightTests;
			productReference = BE334ECC2A8C97A700B3093A /* LightTests.xctest */;
			productType = "com.apple.product-type.bundle.unit-test";
		};
		BE334ED52A8C97A700B3093A /* LightUITests */ = {
			isa = PBXNativeTarget;
			buildConfigurationList = BE334EE62A8C97A700B3093A /* Build configuration list for PBXNativeTarget "LightUITests" */;
			buildPhases = (
				BE334ED22A8C97A700B3093A /* Sources */,
				BE334ED32A8C97A700B3093A /* Frameworks */,
				BE334ED42A8C97A700B3093A /* Resources */,
			);
			buildRules = (
			);
			dependencies = (
				BE334ED82A8C97A700B3093A /* PBXTargetDependency */,
			);
			name = LightUITests;
			productName = LightUITests;
			productReference = BE334ED62A8C97A700B3093A /* LightUITests.xctest */;
			productType = "com.apple.product-type.bundle.ui-testing";
		};
/* End PBXNativeTarget section */

/* Begin PBXProject section */
		BE334EAE2A8C97A700B3093A /* Project object */ = {
			isa = PBXProject;
			attributes = {
				BuildIndependentTargetsInParallel = 1;
				LastSwiftUpdateCheck = 1430;
				LastUpgradeCheck = 1430;
				TargetAttributes = {
					BE334EB52A8C97A700B3093A = {
						CreatedOnToolsVersion = 14.3.1;
					};
					BE334ECB2A8C97A700B3093A = {
						CreatedOnToolsVersion = 14.3.1;
						TestTargetID = BE334EB52A8C97A700B3093A;
					};
					BE334ED52A8C97A700B3093A = {
						CreatedOnToolsVersion = 14.3.1;
						TestTargetID = BE334EB52A8C97A700B3093A;
					};
				};
			};
			buildConfigurationList = BE334EB12A8C97A700B3093A /* Build configuration list for PBXProject "Light" */;
			compatibilityVersion = "Xcode 14.0";
			developmentRegion = en;
			hasScannedForEncodings = 0;
			knownRegions = (
				en,
				Base,
			);
			mainGroup = BE334EAD2A8C97A700B3093A;
			productRefGroup = BE334EB72A8C97A700B3093A /* Products */;
			projectDirPath = "";
			projectRoot = "";
			targets = (
				BE334EB52A8C97A700B3093A /* Light */,
				BE334ECB2A8C97A700B3093A /* LightTests */,
				BE334ED52A8C97A700B3093A /* LightUITests */,
			);
		};
/* End PBXProject section */

/* Begin PBXResourcesBuildPhase section */
		BE334EB42A8C97A700B3093A /* Resources */ = {
			isa = PBXResourcesBuildPhase;
			buildActionMask = 2147483647;
			files = (
				BE334EC62A8C97A700B3093A /* LaunchScreen.storyboard in Resources */,
				BE334EC32A8C97A700B3093A /* Assets.xcassets in Resources */,
				BE334EC12A8C97A700B3093A /* Main.storyboard in Resources */,
			);
			runOnlyForDeploymentPostprocessing = 0;
		};
		BE334ECA2A8C97A700B3093A /* Resources */ = {
			isa = PBXResourcesBuildPhase;
			buildActionMask = 2147483647;
			files = (
			);
			runOnlyForDeploymentPostprocessing = 0;
		};
		BE334ED42A8C97A700B3093A /* Resources */ = {
			isa = PBXResourcesBuildPhase;
			buildActionMask = 2147483647;
			files = (
			);
			runOnlyForDeploymentPostprocessing = 0;
		};
/* End PBXResourcesBuildPhase section */

/* Begin PBXSourcesBuildPhase section */
		BE334EB22A8C97A700B3093A /* Sources */ = {
			isa = PBXSourcesBuildPhase;
			buildActionMask = 2147483647;
			files = (
				BE334EBE2A8C97A700B3093A /* ViewController.swift in Sources */,
				BE334EBA2A8C97A700B3093A /* AppDelegate.swift in Sources */,
				BE334EBC2A8C97A700B3093A /* SceneDelegate.swift in Sources */,
			);
			runOnlyForDeploymentPostprocessing = 0;
		};
		BE334EC82A8C97A700B3093A /* Sources */ = {
			isa = PBXSourcesBuildPhase;
			buildActionMask = 2147483647;
			files = (
				BE334ED12A8C97A700B3093A /* LightTests.swift in Sources */,
			);
			runOnlyForDeploymentPostprocessing = 0;
		};
		BE334ED22A8C97A700B3093A /* Sources */ = {
			isa = PBXSourcesBuildPhase;
			buildActionMask = 2147483647;
			files = (
				BE334EDB2A8C97A700B3093A /* LightUITests.swift in Sources */,
				BE334EDD2A8C97A700B3093A /* LightUITestsLaunchTests.swift in Sources */,
			);
			runOnlyForDeploymentPostprocessing = 0;
		};
/* End PBXSourcesBuildPhase section */

/* Begin PBXTargetDependency section */
		BE334ECE2A8C97A700B3093A /* PBXTargetDependency */ = {
			isa = PBXTargetDependency;
			target = BE334EB52A8C97A700B3093A /* Light */;
			targetProxy = BE334ECD2A8C97A700B3093A /* PBXContainerItemProxy */;
		};
		BE334ED82A8C97A700B3093A /* PBXTargetDependency */ = {
			isa = PBXTargetDependency;
			target = BE334EB52A8C97A700B3093A /* Light */;
			targetProxy = BE334ED72A8C97A700B3093A /* PBXContainerItemProxy */;
		};
/* End PBXTargetDependency section */

/* Begin PBXVariantGroup section */
		BE334EBF2A8C97A700B3093A /* Main.storyboard */ = {
			isa = PBXVariantGroup;
			children = (
				BE334EC02A8C97A700B3093A /* Base */,
			);
			name = Main.storyboard;
			sourceTree = "<group>";
		};
		BE334EC42A8C97A700B3093A /* LaunchScreen.storyboard */ = {
			isa = PBXVariantGroup;
			children = (
				BE334EC52A8C97A700B3093A /* Base */,
			);
			name = LaunchScreen.storyboard;
			sourceTree = "<group>";
		};
/* End PBXVariantGroup section */

/* Begin XCBuildConfiguration section */
		BE334EDE2A8C97A700B3093A /* Debug */ = {
			isa = XCBuildConfiguration;
			buildSettings = {
				ALWAYS_SEARCH_USER_PATHS = NO;
				CLANG_ANALYZER_NONNULL = YES;
				CLANG_ANALYZER_NUMBER_OBJECT_CONVERSION = YES_AGGRESSIVE;
				CLANG_CXX_LANGUAGE_STANDARD = "gnu++20";
				CLANG_ENABLE_MODULES = YES;
				CLANG_ENABLE_OBJC_ARC = YES;
				CLANG_ENABLE_OBJC_WEAK = YES;
				CLANG_WARN_BLOCK_CAPTURE_AUTORELEASING = YES;
				CLANG_WARN_BOOL_CONVERSION = YES;
				CLANG_WARN_COMMA = YES;
				CLANG_WARN_CONSTANT_CONVERSION = YES;
				CLANG_WARN_DEPRECATED_OBJC_IMPLEMENTATIONS = YES;
				CLANG_WARN_DIRECT_OBJC_ISA_USAGE = YES_ERROR;
				CLANG_WARN_DOCUMENTATION_COMMENTS = YES;
				CLANG_WARN_EMPTY_BODY = YES;
				CLANG_WARN_ENUM_CONVERSION = YES;
				CLANG_WARN_INFINITE_RECURSION = YES;
				CLANG_WARN_INT_CONVERSION = YES;
				CLANG_WARN_NON_LITERAL_NULL_CONVERSION = YES;
				CLANG_WARN_OBJC_IMPLICIT_RETAIN_SELF = YES;
				CLANG_WARN_OBJC_LITERAL_CONVERSION = YES;
				CLANG_WARN_OBJC_ROOT_CLASS = YES_ERROR;
				CLANG_WARN_QUOTED_INCLUDE_IN_FRAMEWORK_HEADER = YES;
				CLANG_WARN_RANGE_LOOP_ANALYSIS = YES;
				CLANG_WARN_STRICT_PROTOTYPES = YES;
				CLANG_WARN_SUSPICIOUS_MOVE = YES;
				CLANG_WARN_UNGUARDED_AVAILABILITY = YES_AGGRESSIVE;
				CLANG_WARN_UNREACHABLE_CODE = YES;
				CLANG_WARN__DUPLICATE_METHOD_MATCH = YES;
				COPY_PHASE_STRIP = NO;
				DEBUG_INFORMATION_FORMAT = dwarf;
				ENABLE_STRICT_OBJC_MSGSEND = YES;
				ENABLE_TESTABILITY = YES;
				GCC_C_LANGUAGE_STANDARD = gnu11;
				GCC_DYNAMIC_NO_PIC = NO;
				GCC_NO_COMMON_BLOCKS = YES;
				GCC_OPTIMIZATION_LEVEL = 0;
				GCC_PREPROCESSOR_DEFINITIONS = (
					"DEBUG=1",
					"$(inherited)",
				);
				GCC_WARN_64_TO_32_BIT_CONVERSION = YES;
				GCC_WARN_ABOUT_RETURN_TYPE = YES_ERROR;
				GCC_WARN_UNDECLARED_SELECTOR = YES;
				GCC_WARN_UNINITIALIZED_AUTOS = YES_AGGRESSIVE;
				GCC_WARN_UNUSED_FUNCTION = YES;
				GCC_WARN_UNUSED_VARIABLE = YES;
				IPHONEOS_DEPLOYMENT_TARGET = 16.4;
				MTL_ENABLE_DEBUG_INFO = INCLUDE_SOURCE;
				MTL_FAST_MATH = YES;
				ONLY_ACTIVE_ARCH = YES;
				SDKROOT = iphoneos;
				SWIFT_ACTIVE_COMPILATION_CONDITIONS = DEBUG;
				SWIFT_OPTIMIZATION_LEVEL = "-Onone";
			};
			name = Debug;
		};
		BE334EDF2A8C97A700B3093A /* Release */ = {
			isa = XCBuildConfiguration;
			buildSettings = {
				ALWAYS_SEARCH_USER_PATHS = NO;
				CLANG_ANALYZER_NONNULL = YES;
				CLANG_ANALYZER_NUMBER_OBJECT_CONVERSION = YES_AGGRESSIVE;
				CLANG_CXX_LANGUAGE_STANDARD = "gnu++20";
				CLANG_ENABLE_MODULES = YES;
				CLANG_ENABLE_OBJC_ARC = YES;
				CLANG_ENABLE_OBJC_WEAK = YES;
				CLANG_WARN_BLOCK_CAPTURE_AUTORELEASING = YES;
				CLANG_WARN_BOOL_CONVERSION = YES;
				CLANG_WARN_COMMA = YES;
				CLANG_WARN_CONSTANT_CONVERSION = YES;
				CLANG_WARN_DEPRECATED_OBJC_IMPLEMENTATIONS = YES;
				CLANG_WARN_DIRECT_OBJC_ISA_USAGE = YES_ERROR;
				CLANG_WARN_DOCUMENTATION_COMMENTS = YES;
				CLANG_WARN_EMPTY_BODY = YES;
				CLANG_WARN_ENUM_CONVERSION = YES;
				CLANG_WARN_INFINITE_RECURSION = YES;
				CLANG_WARN_INT_CONVERSION = YES;
				CLANG_WARN_NON_LITERAL_NULL_CONVERSION = YES;
				CLANG_WARN_OBJC_IMPLICIT_RETAIN_SELF = YES;
				CLANG_WARN_OBJC_LITERAL_CONVERSION = YES;
				CLANG_WARN_OBJC_ROOT_CLASS = YES_ERROR;
				CLANG_WARN_QUOTED_INCLUDE_IN_FRAMEWORK_HEADER = YES;
				CLANG_WARN_RANGE_LOOP_ANALYSIS = YES;
				CLANG_WARN_STRICT_PROTOTYPES = YES;
				CLANG_WARN_SUSPICIOUS_MOVE = YES;
				CLANG_WARN_UNGUARDED_AVAILABILITY = YES_AGGRESSIVE;
				CLANG_WARN_UNREACHABLE_CODE = YES;
				CLANG_WARN__DUPLICATE_METHOD_MATCH = YES;
				COPY_PHASE_STRIP = NO;
				DEBUG_INFORMATION_FORMAT = "dwarf-with-dsym";
				ENABLE_NS_ASSERTIONS = NO;
				ENABLE_STRICT_OBJC_MSGSEND = YES;
				GCC_C_LANGUAGE_STANDARD = gnu11;
				GCC_NO_COMMON_BLOCKS = YES;
				GCC_WARN_64_TO_32_BIT_CONVERSION = YES;
				GCC_WARN_ABOUT_RETURN_TYPE = YES_ERROR;
				GCC_WARN_UNDECLARED_SELECTOR = YES;
				GCC_WARN_UNINITIALIZED_AUTOS = YES_AGGRESSIVE;
				GCC_WARN_UNUSED_FUNCTION = YES;
				GCC_WARN_UNUSED_VARIABLE = YES;
				IPHONEOS_DEPLOYMENT_TARGET = 16.4;
				MTL_ENABLE_DEBUG_INFO = NO;
				MTL_FAST_MATH = YES;
				SDKROOT = iphoneos;
				SWIFT_COMPILATION_MODE = wholemodule;
				SWIFT_OPTIMIZATION_LEVEL = "-O";
				VALIDATE_PRODUCT = YES;
			};
			name = Release;
		};
		BE334EE12A8C97A700B3093A /* Debug */ = {
			isa = XCBuildConfiguration;
			buildSettings = {
				ASSETCATALOG_COMPILER_APPICON_NAME = AppIcon;
				ASSETCATALOG_COMPILER_GLOBAL_ACCENT_COLOR_NAME = AccentColor;
				CODE_SIGN_STYLE = Automatic;
				CURRENT_PROJECT_VERSION = 1;
				GENERATE_INFOPLIST_FILE = YES;
				INFOPLIST_FILE = Light/Info.plist;
				INFOPLIST_KEY_UIApplicationSupportsIndirectInputEvents = YES;
				INFOPLIST_KEY_UILaunchStoryboardName = LaunchScreen;
				INFOPLIST_KEY_UIMainStoryboardFile = Main;
				INFOPLIST_KEY_UISupportedInterfaceOrientations_iPad = "UIInterfaceOrientationPortrait UIInterfaceOrientationPortraitUpsideDown UIInterfaceOrientationLandscapeLeft UIInterfaceOrientationLandscapeRight";
				INFOPLIST_KEY_UISupportedInterfaceOrientations_iPhone = "UIInterfaceOrientationPortrait UIInterfaceOrientationLandscapeLeft UIInterfaceOrientationLandscapeRight";
				LD_RUNPATH_SEARCH_PATHS = (
					"$(inherited)",
					"@executable_path/Frameworks",
				);
				MARKETING_VERSION = 1.0;
				PRODUCT_BUNDLE_IDENTIFIER = none.Light;
				PRODUCT_NAME = "$(TARGET_NAME)";
				SWIFT_EMIT_LOC_STRINGS = YES;
				SWIFT_VERSION = 5.0;
				TARGETED_DEVICE_FAMILY = "1,2";
			};
			name = Debug;
		};
		BE334EE22A8C97A700B3093A /* Release */ = {
			isa = XCBuildConfiguration;
			buildSettings = {
				ASSETCATALOG_COMPILER_APPICON_NAME = AppIcon;
				ASSETCATALOG_COMPILER_GLOBAL_ACCENT_COLOR_NAME = AccentColor;
				CODE_SIGN_STYLE = Automatic;
				CURRENT_PROJECT_VERSION = 1;
				GENERATE_INFOPLIST_FILE = YES;
				INFOPLIST_FILE = Light/Info.plist;
				INFOPLIST_KEY_UIApplicationSupportsIndirectInputEvents = YES;
				INFOPLIST_KEY_UILaunchStoryboardName = LaunchScreen;
				INFOPLIST_KEY_UIMainStoryboardFile = Main;
				INFOPLIST_KEY_UISupportedInterfaceOrientations_iPad = "UIInterfaceOrientationPortrait UIInterfaceOrientationPortraitUpsideDown UIInterfaceOrientationLandscapeLeft UIInterfaceOrientationLandscapeRight";
				INFOPLIST_KEY_UISupportedInterfaceOrientations_iPhone = "UIInterfaceOrientationPortrait UIInterfaceOrientationLandscapeLeft UIInterfaceOrientationLandscapeRight";
				LD_RUNPATH_SEARCH_PATHS = (
					"$(inherited)",
					"@executable_path/Frameworks",
				);
				MARKETING_VERSION = 1.0;
				PRODUCT_BUNDLE_IDENTIFIER = none.Light;
				PRODUCT_NAME = "$(TARGET_NAME)";
				SWIFT_EMIT_LOC_STRINGS = YES;
				SWIFT_VERSION = 5.0;
				TARGETED_DEVICE_FAMILY = "1,2";
			};
			name = Release;
		};
		BE334EE42A8C97A700B3093A /* Debug */ = {
			isa = XCBuildConfiguration;
			buildSettings = {
				ALWAYS_EMBED_SWIFT_STANDARD_LIBRARIES = YES;
				BUNDLE_LOADER = "$(TEST_HOST)";
				CODE_SIGN_STYLE = Automatic;
				CURRENT_PROJECT_VERSION = 1;
				GENERATE_INFOPLIST_FILE = YES;
				IPHONEOS_DEPLOYMENT_TARGET = 16.4;
				MARKETING_VERSION = 1.0;
				PRODUCT_BUNDLE_IDENTIFIER = none.LightTests;
				PRODUCT_NAME = "$(TARGET_NAME)";
				SWIFT_EMIT_LOC_STRINGS = NO;
				SWIFT_VERSION = 5.0;
				TARGETED_DEVICE_FAMILY = "1,2";
				TEST_HOST = "$(BUILT_PRODUCTS_DIR)/Light.app/$(BUNDLE_EXECUTABLE_FOLDER_PATH)/Light";
			};
			name = Debug;
		};
		BE334EE52A8C97A700B3093A /* Release */ = {
			isa = XCBuildConfiguration;
			buildSettings = {
				ALWAYS_EMBED_SWIFT_STANDARD_LIBRARIES = YES;
				BUNDLE_LOADER = "$(TEST_HOST)";
				CODE_SIGN_STYLE = Automatic;
				CURRENT_PROJECT_VERSION = 1;
				GENERATE_INFOPLIST_FILE = YES;
				IPHONEOS_DEPLOYMENT_TARGET = 16.4;
				MARKETING_VERSION = 1.0;
				PRODUCT_BUNDLE_IDENTIFIER = none.LightTests;
				PRODUCT_NAME = "$(TARGET_NAME)";
				SWIFT_EMIT_LOC_STRINGS = NO;
				SWIFT_VERSION = 5.0;
				TARGETED_DEVICE_FAMILY = "1,2";
				TEST_HOST = "$(BUILT_PRODUCTS_DIR)/Light.app/$(BUNDLE_EXECUTABLE_FOLDER_PATH)/Light";
			};
			name = Release;
		};
		BE334EE72A8C97A700B3093A /* Debug */ = {
			isa = XCBuildConfiguration;
			buildSettings = {
				ALWAYS_EMBED_SWIFT_STANDARD_LIBRARIES = YES;
				CODE_SIGN_STYLE = Automatic;
				CURRENT_PROJECT_VERSION = 1;
				GENERATE_INFOPLIST_FILE = YES;
				MARKETING_VERSION = 1.0;
				PRODUCT_BUNDLE_IDENTIFIER = none.LightUITests;
				PRODUCT_NAME = "$(TARGET_NAME)";
				SWIFT_EMIT_LOC_STRINGS = NO;
				SWIFT_VERSION = 5.0;
				TARGETED_DEVICE_FAMILY = "1,2";
				TEST_TARGET_NAME = Light;
			};
			name = Debug;
		};
		BE334EE82A8C97A700B3093A /* Release */ = {
			isa = XCBuildConfiguration;
			buildSettings = {
				ALWAYS_EMBED_SWIFT_STANDARD_LIBRARIES = YES;
				CODE_SIGN_STYLE = Automatic;
				CURRENT_PROJECT_VERSION = 1;
				GENERATE_INFOPLIST_FILE = YES;
				MARKETING_VERSION = 1.0;
				PRODUCT_BUNDLE_IDENTIFIER = none.LightUITests;
				PRODUCT_NAME = "$(TARGET_NAME)";
				SWIFT_EMIT_LOC_STRINGS = NO;
				SWIFT_VERSION = 5.0;
				TARGETED_DEVICE_FAMILY = "1,2";
				TEST_TARGET_NAME = Light;
			};
			name = Release;
		};
/* End XCBuildConfiguration section */

/* Begin XCConfigurationList section */
		BE334EB12A8C97A700B3093A /* Build configuration list for PBXProject "Light" */ = {
			isa = XCConfigurationList;
			buildConfigurations = (
				BE334EDE2A8C97A700B3093A /* Debug */,
				BE334EDF2A8C97A700B3093A /* Release */,
			);
			defaultConfigurationIsVisible = 0;
			defaultConfigurationName = Release;
		};
		BE334EE02A8C97A700B3093A /* Build configuration list for PBXNativeTarget "Light" */ = {
			isa = XCConfigurationList;
			buildConfigurations = (
				BE334EE12A8C97A700B3093A /* Debug */,
				BE334EE22A8C97A700B3093A /* Release */,
			);
			defaultConfigurationIsVisible = 0;
			defaultConfigurationName = Release;
		};
		BE334EE32A8C97A700B3093A /* Build configuration list for PBXNativeTarget "LightTests" */ = {
			isa = XCConfigurationList;
			buildConfigurations = (
				BE334EE42A8C97A700B3093A /* Debug */,
				BE334EE52A8C97A700B3093A /* Release */,
			);
			defaultConfigurationIsVisible = 0;
			defaultConfigurationName = Release;
		};
		BE334EE62A8C97A700B3093A /* Build configuration list for PBXNativeTarget "LightUITests" */ = {
			isa = XCConfigurationList;
			buildConfigurations = (
				BE334EE72A8C97A700B3093A /* Debug */,
				BE334EE82A8C97A700B3093A /* Release */,
			);
			defaultConfigurationIsVisible = 0;
			defaultConfigurationName = Release;
		};
/* End XCConfigurationList section */
	};
	rootObject = BE334EAE2A8C97A700B3093A /* Project object */;
}
