// !$*UTF8*$!
{
	archiveVersion = 1;
	classes = {
	};
	objectVersion = 56;
	objects = {

/* Begin PBXBuildFile section */
		BE1071612A8D5F320094103B /* AppDelegate.swift in Sources */ = {isa = PBXBuildFile; fileRef = BE1071602A8D5F320094103B /* AppDelegate.swift */; };
		BE1071632A8D5F320094103B /* SceneDelegate.swift in Sources */ = {isa = PBXBuildFile; fileRef = BE1071622A8D5F320094103B /* SceneDelegate.swift */; };
		BE1071652A8D5F320094103B /* ViewController.swift in Sources */ = {isa = PBXBuildFile; fileRef = BE1071642A8D5F320094103B /* ViewController.swift */; };
		BE1071682A8D5F320094103B /* Main.storyboard in Resources */ = {isa = PBXBuildFile; fileRef = BE1071662A8D5F320094103B /* Main.storyboard */; };
		BE10716A2A8D5F320094103B /* Assets.xcassets in Resources */ = {isa = PBXBuildFile; fileRef = BE1071692A8D5F320094103B /* Assets.xcassets */; };
		BE10716D2A8D5F320094103B /* LaunchScreen.storyboard in Resources */ = {isa = PBXBuildFile; fileRef = BE10716B2A8D5F320094103B /* LaunchScreen.storyboard */; };
		BE1071782A8D5F320094103B /* I_Am_RichTests.swift in Sources */ = {isa = PBXBuildFile; fileRef = BE1071772A8D5F320094103B /* I_Am_RichTests.swift */; };
		BE1071822A8D5F320094103B /* I_Am_RichUITests.swift in Sources */ = {isa = PBXBuildFile; fileRef = BE1071812A8D5F320094103B /* I_Am_RichUITests.swift */; };
		BE1071842A8D5F320094103B /* I_Am_RichUITestsLaunchTests.swift in Sources */ = {isa = PBXBuildFile; fileRef = BE1071832A8D5F320094103B /* I_Am_RichUITestsLaunchTests.swift */; };
/* End PBXBuildFile section */

/* Begin PBXContainerItemProxy section */
		BE1071742A8D5F320094103B /* PBXContainerItemProxy */ = {
			isa = PBXContainerItemProxy;
			containerPortal = BE1071552A8D5F320094103B /* Project object */;
			proxyType = 1;
			remoteGlobalIDString = BE10715C2A8D5F320094103B;
			remoteInfo = "I Am Rich";
		};
		BE10717E2A8D5F320094103B /* PBXContainerItemProxy */ = {
			isa = PBXContainerItemProxy;
			containerPortal = BE1071552A8D5F320094103B /* Project object */;
			proxyType = 1;
			remoteGlobalIDString = BE10715C2A8D5F320094103B;
			remoteInfo = "I Am Rich";
		};
/* End PBXContainerItemProxy section */

/* Begin PBXFileReference section */
		BE10715D2A8D5F320094103B /* I Am Rich.app */ = {isa = PBXFileReference; explicitFileType = wrapper.application; includeInIndex = 0; path = "I Am Rich.app"; sourceTree = BUILT_PRODUCTS_DIR; };
		BE1071602A8D5F320094103B /* AppDelegate.swift */ = {isa = PBXFileReference; lastKnownFileType = sourcecode.swift; path = AppDelegate.swift; sourceTree = "<group>"; };
		BE1071622A8D5F320094103B /* SceneDelegate.swift */ = {isa = PBXFileReference; lastKnownFileType = sourcecode.swift; path = SceneDelegate.swift; sourceTree = "<group>"; };
		BE1071642A8D5F320094103B /* ViewController.swift */ = {isa = PBXFileReference; lastKnownFileType = sourcecode.swift; path = ViewController.swift; sourceTree = "<group>"; };
		BE1071672A8D5F320094103B /* Base */ = {isa = PBXFileReference; lastKnownFileType = file.storyboard; name = Base; path = Base.lproj/Main.storyboard; sourceTree = "<group>"; };
		BE1071692A8D5F320094103B /* Assets.xcassets */ = {isa = PBXFileReference; lastKnownFileType = folder.assetcatalog; path = Assets.xcassets; sourceTree = "<group>"; };
		BE10716C2A8D5F320094103B /* Base */ = {isa = PBXFileReference; lastKnownFileType = file.storyboard; name = Base; path = Base.lproj/LaunchScreen.storyboard; sourceTree = "<group>"; };
		BE10716E2A8D5F320094103B /* Info.plist */ = {isa = PBXFileReference; lastKnownFileType = text.plist.xml; path = Info.plist; sourceTree = "<group>"; };
		BE1071732A8D5F320094103B /* I Am RichTests.xctest */ = {isa = PBXFileReference; explicitFileType = wrapper.cfbundle; includeInIndex = 0; path = "I Am RichTests.xctest"; sourceTree = BUILT_PRODUCTS_DIR; };
		BE1071772A8D5F320094103B /* I_Am_RichTests.swift */ = {isa = PBXFileReference; lastKnownFileType = sourcecode.swift; path = I_Am_RichTests.swift; sourceTree = "<group>"; };
		BE10717D2A8D5F320094103B /* I Am RichUITests.xctest */ = {isa = PBXFileReference; explicitFileType = wrapper.cfbundle; includeInIndex = 0; path = "I Am RichUITests.xctest"; sourceTree = BUILT_PRODUCTS_DIR; };
		BE1071812A8D5F320094103B /* I_Am_RichUITests.swift */ = {isa = PBXFileReference; lastKnownFileType = sourcecode.swift; path = I_Am_RichUITests.swift; sourceTree = "<group>"; };
		BE1071832A8D5F320094103B /* I_Am_RichUITestsLaunchTests.swift */ = {isa = PBXFileReference; lastKnownFileType = sourcecode.swift; path = I_Am_RichUITestsLaunchTests.swift; sourceTree = "<group>"; };
/* End PBXFileReference section */

/* Begin PBXFrameworksBuildPhase section */
		BE10715A2A8D5F320094103B /* Frameworks */ = {
			isa = PBXFrameworksBuildPhase;
			buildActionMask = 2147483647;
			files = (
			);
			runOnlyForDeploymentPostprocessing = 0;
		};
		BE1071702A8D5F320094103B /* Frameworks */ = {
			isa = PBXFrameworksBuildPhase;
			buildActionMask = 2147483647;
			files = (
			);
			runOnlyForDeploymentPostprocessing = 0;
		};
		BE10717A2A8D5F320094103B /* Frameworks */ = {
			isa = PBXFrameworksBuildPhase;
			buildActionMask = 2147483647;
			files = (
			);
			runOnlyForDeploymentPostprocessing = 0;
		};
/* End PBXFrameworksBuildPhase section */

/* Begin PBXGroup section */
		BE1071542A8D5F320094103B = {
			isa = PBXGroup;
			children = (
				BE10715F2A8D5F320094103B /* I Am Rich */,
				BE1071762A8D5F320094103B /* I Am RichTests */,
				BE1071802A8D5F320094103B /* I Am RichUITests */,
				BE10715E2A8D5F320094103B /* Products */,
			);
			sourceTree = "<group>";
		};
		BE10715E2A8D5F320094103B /* Products */ = {
			isa = PBXGroup;
			children = (
				BE10715D2A8D5F320094103B /* I Am Rich.app */,
				BE1071732A8D5F320094103B /* I Am RichTests.xctest */,
				BE10717D2A8D5F320094103B /* I Am RichUITests.xctest */,
			);
			name = Products;
			sourceTree = "<group>";
		};
		BE10715F2A8D5F320094103B /* I Am Rich */ = {
			isa = PBXGroup;
			children = (
				BE1071602A8D5F320094103B /* AppDelegate.swift */,
				BE1071622A8D5F320094103B /* SceneDelegate.swift */,
				BE1071642A8D5F320094103B /* ViewController.swift */,
				BE1071662A8D5F320094103B /* Main.storyboard */,
				BE1071692A8D5F320094103B /* Assets.xcassets */,
				BE10716B2A8D5F320094103B /* LaunchScreen.storyboard */,
				BE10716E2A8D5F320094103B /* Info.plist */,
			);
			path = "I Am Rich";
			sourceTree = "<group>";
		};
		BE1071762A8D5F320094103B /* I Am RichTests */ = {
			isa = PBXGroup;
			children = (
				BE1071772A8D5F320094103B /* I_Am_RichTests.swift */,
			);
			path = "I Am RichTests";
			sourceTree = "<group>";
		};
		BE1071802A8D5F320094103B /* I Am RichUITests */ = {
			isa = PBXGroup;
			children = (
				BE1071812A8D5F320094103B /* I_Am_RichUITests.swift */,
				BE1071832A8D5F320094103B /* I_Am_RichUITestsLaunchTests.swift */,
			);
			path = "I Am RichUITests";
			sourceTree = "<group>";
		};
/* End PBXGroup section */

/* Begin PBXNativeTarget section */
		BE10715C2A8D5F320094103B /* I Am Rich */ = {
			isa = PBXNativeTarget;
			buildConfigurationList = BE1071872A8D5F320094103B /* Build configuration list for PBXNativeTarget "I Am Rich" */;
			buildPhases = (
				BE1071592A8D5F320094103B /* Sources */,
				BE10715A2A8D5F320094103B /* Frameworks */,
				BE10715B2A8D5F320094103B /* Resources */,
			);
			buildRules = (
			);
			dependencies = (
			);
			name = "I Am Rich";
			productName = "I Am Rich";
			productReference = BE10715D2A8D5F320094103B /* I Am Rich.app */;
			productType = "com.apple.product-type.application";
		};
		BE1071722A8D5F320094103B /* I Am RichTests */ = {
			isa = PBXNativeTarget;
			buildConfigurationList = BE10718A2A8D5F320094103B /* Build configuration list for PBXNativeTarget "I Am RichTests" */;
			buildPhases = (
				BE10716F2A8D5F320094103B /* Sources */,
				BE1071702A8D5F320094103B /* Frameworks */,
				BE1071712A8D5F320094103B /* Resources */,
			);
			buildRules = (
			);
			dependencies = (
				BE1071752A8D5F320094103B /* PBXTargetDependency */,
			);
			name = "I Am RichTests";
			productName = "I Am RichTests";
			productReference = BE1071732A8D5F320094103B /* I Am RichTests.xctest */;
			productType = "com.apple.product-type.bundle.unit-test";
		};
		BE10717C2A8D5F320094103B /* I Am RichUITests */ = {
			isa = PBXNativeTarget;
			buildConfigurationList = BE10718D2A8D5F320094103B /* Build configuration list for PBXNativeTarget "I Am RichUITests" */;
			buildPhases = (
				BE1071792A8D5F320094103B /* Sources */,
				BE10717A2A8D5F320094103B /* Frameworks */,
				BE10717B2A8D5F320094103B /* Resources */,
			);
			buildRules = (
			);
			dependencies = (
				BE10717F2A8D5F320094103B /* PBXTargetDependency */,
			);
			name = "I Am RichUITests";
			productName = "I Am RichUITests";
			productReference = BE10717D2A8D5F320094103B /* I Am RichUITests.xctest */;
			productType = "com.apple.product-type.bundle.ui-testing";
		};
/* End PBXNativeTarget section */

/* Begin PBXProject section */
		BE1071552A8D5F320094103B /* Project object */ = {
			isa = PBXProject;
			attributes = {
				BuildIndependentTargetsInParallel = 1;
				LastSwiftUpdateCheck = 1430;
				LastUpgradeCheck = 1430;
				TargetAttributes = {
					BE10715C2A8D5F320094103B = {
						CreatedOnToolsVersion = 14.3.1;
					};
					BE1071722A8D5F320094103B = {
						CreatedOnToolsVersion = 14.3.1;
						TestTargetID = BE10715C2A8D5F320094103B;
					};
					BE10717C2A8D5F320094103B = {
						CreatedOnToolsVersion = 14.3.1;
						TestTargetID = BE10715C2A8D5F320094103B;
					};
				};
			};
			buildConfigurationList = BE1071582A8D5F320094103B /* Build configuration list for PBXProject "I Am Rich" */;
			compatibilityVersion = "Xcode 14.0";
			developmentRegion = en;
			hasScannedForEncodings = 0;
			knownRegions = (
				en,
				Base,
			);
			mainGroup = BE1071542A8D5F320094103B;
			productRefGroup = BE10715E2A8D5F320094103B /* Products */;
			projectDirPath = "";
			projectRoot = "";
			targets = (
				BE10715C2A8D5F320094103B /* I Am Rich */,
				BE1071722A8D5F320094103B /* I Am RichTests */,
				BE10717C2A8D5F320094103B /* I Am RichUITests */,
			);
		};
/* End PBXProject section */

/* Begin PBXResourcesBuildPhase section */
		BE10715B2A8D5F320094103B /* Resources */ = {
			isa = PBXResourcesBuildPhase;
			buildActionMask = 2147483647;
			files = (
				BE10716D2A8D5F320094103B /* LaunchScreen.storyboard in Resources */,
				BE10716A2A8D5F320094103B /* Assets.xcassets in Resources */,
				BE1071682A8D5F320094103B /* Main.storyboard in Resources */,
			);
			runOnlyForDeploymentPostprocessing = 0;
		};
		BE1071712A8D5F320094103B /* Resources */ = {
			isa = PBXResourcesBuildPhase;
			buildActionMask = 2147483647;
			files = (
			);
			runOnlyForDeploymentPostprocessing = 0;
		};
		BE10717B2A8D5F320094103B /* Resources */ = {
			isa = PBXResourcesBuildPhase;
			buildActionMask = 2147483647;
			files = (
			);
			runOnlyForDeploymentPostprocessing = 0;
		};
/* End PBXResourcesBuildPhase section */

/* Begin PBXSourcesBuildPhase section */
		BE1071592A8D5F320094103B /* Sources */ = {
			isa = PBXSourcesBuildPhase;
			buildActionMask = 2147483647;
			files = (
				BE1071652A8D5F320094103B /* ViewController.swift in Sources */,
				BE1071612A8D5F320094103B /* AppDelegate.swift in Sources */,
				BE1071632A8D5F320094103B /* SceneDelegate.swift in Sources */,
			);
			runOnlyForDeploymentPostprocessing = 0;
		};
		BE10716F2A8D5F320094103B /* Sources */ = {
			isa = PBXSourcesBuildPhase;
			buildActionMask = 2147483647;
			files = (
				BE1071782A8D5F320094103B /* I_Am_RichTests.swift in Sources */,
			);
			runOnlyForDeploymentPostprocessing = 0;
		};
		BE1071792A8D5F320094103B /* Sources */ = {
			isa = PBXSourcesBuildPhase;
			buildActionMask = 2147483647;
			files = (
				BE1071842A8D5F320094103B /* I_Am_RichUITestsLaunchTests.swift in Sources */,
				BE1071822A8D5F320094103B /* I_Am_RichUITests.swift in Sources */,
			);
			runOnlyForDeploymentPostprocessing = 0;
		};
/* End PBXSourcesBuildPhase section */

/* Begin PBXTargetDependency section */
		BE1071752A8D5F320094103B /* PBXTargetDependency */ = {
			isa = PBXTargetDependency;
			target = BE10715C2A8D5F320094103B /* I Am Rich */;
			targetProxy = BE1071742A8D5F320094103B /* PBXContainerItemProxy */;
		};
		BE10717F2A8D5F320094103B /* PBXTargetDependency */ = {
			isa = PBXTargetDependency;
			target = BE10715C2A8D5F320094103B /* I Am Rich */;
			targetProxy = BE10717E2A8D5F320094103B /* PBXContainerItemProxy */;
		};
/* End PBXTargetDependency section */

/* Begin PBXVariantGroup section */
		BE1071662A8D5F320094103B /* Main.storyboard */ = {
			isa = PBXVariantGroup;
			children = (
				BE1071672A8D5F320094103B /* Base */,
			);
			name = Main.storyboard;
			sourceTree = "<group>";
		};
		BE10716B2A8D5F320094103B /* LaunchScreen.storyboard */ = {
			isa = PBXVariantGroup;
			children = (
				BE10716C2A8D5F320094103B /* Base */,
			);
			name = LaunchScreen.storyboard;
			sourceTree = "<group>";
		};
/* End PBXVariantGroup section */

/* Begin XCBuildConfiguration section */
		BE1071852A8D5F320094103B /* Debug */ = {
			isa = XCBuildConfiguration;
			buildSettings = {
				ALWAYS_SEARCH_USER_PATHS = NO;
				CLANG_ANALYZER_NONNULL = YES;
				CLANG_ANALYZER_NUMBER_OBJECT_CONVERSION = YES_AGGRESSIVE;
				CLANG_CXX_LANGUAGE_STANDARD = "gnu++20";
				CLANG_ENABLE_MODULES = YES;
				CLANG_ENABLE_OBJC_ARC = YES;
				CLANG_ENABLE_OBJC_WEAK = YES;
				CLANG_WARN_BLOCK_CAPTURE_AUTORELEASING = YES;
				CLANG_WARN_BOOL_CONVERSION = YES;
				CLANG_WARN_COMMA = YES;
				CLANG_WARN_CONSTANT_CONVERSION = YES;
				CLANG_WARN_DEPRECATED_OBJC_IMPLEMENTATIONS = YES;
				CLANG_WARN_DIRECT_OBJC_ISA_USAGE = YES_ERROR;
				CLANG_WARN_DOCUMENTATION_COMMENTS = YES;
				CLANG_WARN_EMPTY_BODY = YES;
				CLANG_WARN_ENUM_CONVERSION = YES;
				CLANG_WARN_INFINITE_RECURSION = YES;
				CLANG_WARN_INT_CONVERSION = YES;
				CLANG_WARN_NON_LITERAL_NULL_CONVERSION = YES;
				CLANG_WARN_OBJC_IMPLICIT_RETAIN_SELF = YES;
				CLANG_WARN_OBJC_LITERAL_CONVERSION = YES;
				CLANG_WARN_OBJC_ROOT_CLASS = YES_ERROR;
				CLANG_WARN_QUOTED_INCLUDE_IN_FRAMEWORK_HEADER = YES;
				CLANG_WARN_RANGE_LOOP_ANALYSIS = YES;
				CLANG_WARN_STRICT_PROTOTYPES = YES;
				CLANG_WARN_SUSPICIOUS_MOVE = YES;
				CLANG_WARN_UNGUARDED_AVAILABILITY = YES_AGGRESSIVE;
				CLANG_WARN_UNREACHABLE_CODE = YES;
				CLANG_WARN__DUPLICATE_METHOD_MATCH = YES;
				COPY_PHASE_STRIP = NO;
				DEBUG_INFORMATION_FORMAT = dwarf;
				ENABLE_STRICT_OBJC_MSGSEND = YES;
				ENABLE_TESTABILITY = YES;
				GCC_C_LANGUAGE_STANDARD = gnu11;
				GCC_DYNAMIC_NO_PIC = NO;
				GCC_NO_COMMON_BLOCKS = YES;
				GCC_OPTIMIZATION_LEVEL = 0;
				GCC_PREPROCESSOR_DEFINITIONS = (
					"DEBUG=1",
					"$(inherited)",
				);
				GCC_WARN_64_TO_32_BIT_CONVERSION = YES;
				GCC_WARN_ABOUT_RETURN_TYPE = YES_ERROR;
				GCC_WARN_UNDECLARED_SELECTOR = YES;
				GCC_WARN_UNINITIALIZED_AUTOS = YES_AGGRESSIVE;
				GCC_WARN_UNUSED_FUNCTION = YES;
				GCC_WARN_UNUSED_VARIABLE = YES;
				IPHONEOS_DEPLOYMENT_TARGET = 16.4;
				MTL_ENABLE_DEBUG_INFO = INCLUDE_SOURCE;
				MTL_FAST_MATH = YES;
				ONLY_ACTIVE_ARCH = YES;
				SDKROOT = iphoneos;
				SWIFT_ACTIVE_COMPILATION_CONDITIONS = DEBUG;
				SWIFT_OPTIMIZATION_LEVEL = "-Onone";
			};
			name = Debug;
		};
		BE1071862A8D5F320094103B /* Release */ = {
			isa = XCBuildConfiguration;
			buildSettings = {
				ALWAYS_SEARCH_USER_PATHS = NO;
				CLANG_ANALYZER_NONNULL = YES;
				CLANG_ANALYZER_NUMBER_OBJECT_CONVERSION = YES_AGGRESSIVE;
				CLANG_CXX_LANGUAGE_STANDARD = "gnu++20";
				CLANG_ENABLE_MODULES = YES;
				CLANG_ENABLE_OBJC_ARC = YES;
				CLANG_ENABLE_OBJC_WEAK = YES;
				CLANG_WARN_BLOCK_CAPTURE_AUTORELEASING = YES;
				CLANG_WARN_BOOL_CONVERSION = YES;
				CLANG_WARN_COMMA = YES;
				CLANG_WARN_CONSTANT_CONVERSION = YES;
				CLANG_WARN_DEPRECATED_OBJC_IMPLEMENTATIONS = YES;
				CLANG_WARN_DIRECT_OBJC_ISA_USAGE = YES_ERROR;
				CLANG_WARN_DOCUMENTATION_COMMENTS = YES;
				CLANG_WARN_EMPTY_BODY = YES;
				CLANG_WARN_ENUM_CONVERSION = YES;
				CLANG_WARN_INFINITE_RECURSION = YES;
				CLANG_WARN_INT_CONVERSION = YES;
				CLANG_WARN_NON_LITERAL_NULL_CONVERSION = YES;
				CLANG_WARN_OBJC_IMPLICIT_RETAIN_SELF = YES;
				CLANG_WARN_OBJC_LITERAL_CONVERSION = YES;
				CLANG_WARN_OBJC_ROOT_CLASS = YES_ERROR;
				CLANG_WARN_QUOTED_INCLUDE_IN_FRAMEWORK_HEADER = YES;
				CLANG_WARN_RANGE_LOOP_ANALYSIS = YES;
				CLANG_WARN_STRICT_PROTOTYPES = YES;
				CLANG_WARN_SUSPICIOUS_MOVE = YES;
				CLANG_WARN_UNGUARDED_AVAILABILITY = YES_AGGRESSIVE;
				CLANG_WARN_UNREACHABLE_CODE = YES;
				CLANG_WARN__DUPLICATE_METHOD_MATCH = YES;
				COPY_PHASE_STRIP = NO;
				DEBUG_INFORMATION_FORMAT = "dwarf-with-dsym";
				ENABLE_NS_ASSERTIONS = NO;
				ENABLE_STRICT_OBJC_MSGSEND = YES;
				GCC_C_LANGUAGE_STANDARD = gnu11;
				GCC_NO_COMMON_BLOCKS = YES;
				GCC_WARN_64_TO_32_BIT_CONVERSION = YES;
				GCC_WARN_ABOUT_RETURN_TYPE = YES_ERROR;
				GCC_WARN_UNDECLARED_SELECTOR = YES;
				GCC_WARN_UNINITIALIZED_AUTOS = YES_AGGRESSIVE;
				GCC_WARN_UNUSED_FUNCTION = YES;
				GCC_WARN_UNUSED_VARIABLE = YES;
				IPHONEOS_DEPLOYMENT_TARGET = 16.4;
				MTL_ENABLE_DEBUG_INFO = NO;
				MTL_FAST_MATH = YES;
				SDKROOT = iphoneos;
				SWIFT_COMPILATION_MODE = wholemodule;
				SWIFT_OPTIMIZATION_LEVEL = "-O";
				VALIDATE_PRODUCT = YES;
			};
			name = Release;
		};
		BE1071882A8D5F320094103B /* Debug */ = {
			isa = XCBuildConfiguration;
			buildSettings = {
				ASSETCATALOG_COMPILER_APPICON_NAME = AppIcon;
				ASSETCATALOG_COMPILER_GLOBAL_ACCENT_COLOR_NAME = AccentColor;
				CODE_SIGN_STYLE = Automatic;
				CURRENT_PROJECT_VERSION = 1;
				GENERATE_INFOPLIST_FILE = YES;
				INFOPLIST_FILE = "I Am Rich/Info.plist";
				INFOPLIST_KEY_UIApplicationSupportsIndirectInputEvents = YES;
				INFOPLIST_KEY_UILaunchStoryboardName = LaunchScreen;
				INFOPLIST_KEY_UIMainStoryboardFile = Main;
				INFOPLIST_KEY_UISupportedInterfaceOrientations_iPad = "UIInterfaceOrientationPortrait UIInterfaceOrientationPortraitUpsideDown UIInterfaceOrientationLandscapeLeft UIInterfaceOrientationLandscapeRight";
				INFOPLIST_KEY_UISupportedInterfaceOrientations_iPhone = "UIInterfaceOrientationPortrait UIInterfaceOrientationLandscapeLeft UIInterfaceOrientationLandscapeRight";
				LD_RUNPATH_SEARCH_PATHS = (
					"$(inherited)",
					"@executable_path/Frameworks",
				);
				MARKETING_VERSION = 1.0;
				PRODUCT_BUNDLE_IDENTIFIER = "none.I-Am-Rich";
				PRODUCT_NAME = "$(TARGET_NAME)";
				SWIFT_EMIT_LOC_STRINGS = YES;
				SWIFT_VERSION = 5.0;
				TARGETED_DEVICE_FAMILY = "1,2";
			};
			name = Debug;
		};
		BE1071892A8D5F320094103B /* Release */ = {
			isa = XCBuildConfiguration;
			buildSettings = {
				ASSETCATALOG_COMPILER_APPICON_NAME = AppIcon;
				ASSETCATALOG_COMPILER_GLOBAL_ACCENT_COLOR_NAME = AccentColor;
				CODE_SIGN_STYLE = Automatic;
				CURRENT_PROJECT_VERSION = 1;
				GENERATE_INFOPLIST_FILE = YES;
				INFOPLIST_FILE = "I Am Rich/Info.plist";
				INFOPLIST_KEY_UIApplicationSupportsIndirectInputEvents = YES;
				INFOPLIST_KEY_UILaunchStoryboardName = LaunchScreen;
				INFOPLIST_KEY_UIMainStoryboardFile = Main;
				INFOPLIST_KEY_UISupportedInterfaceOrientations_iPad = "UIInterfaceOrientationPortrait UIInterfaceOrientationPortraitUpsideDown UIInterfaceOrientationLandscapeLeft UIInterfaceOrientationLandscapeRight";
				INFOPLIST_KEY_UISupportedInterfaceOrientations_iPhone = "UIInterfaceOrientationPortrait UIInterfaceOrientationLandscapeLeft UIInterfaceOrientationLandscapeRight";
				LD_RUNPATH_SEARCH_PATHS = (
					"$(inherited)",
					"@executable_path/Frameworks",
				);
				MARKETING_VERSION = 1.0;
				PRODUCT_BUNDLE_IDENTIFIER = "none.I-Am-Rich";
				PRODUCT_NAME = "$(TARGET_NAME)";
				SWIFT_EMIT_LOC_STRINGS = YES;
				SWIFT_VERSION = 5.0;
				TARGETED_DEVICE_FAMILY = "1,2";
			};
			name = Release;
		};
		BE10718B2A8D5F320094103B /* Debug */ = {
			isa = XCBuildConfiguration;
			buildSettings = {
				ALWAYS_EMBED_SWIFT_STANDARD_LIBRARIES = YES;
				BUNDLE_LOADER = "$(TEST_HOST)";
				CODE_SIGN_STYLE = Automatic;
				CURRENT_PROJECT_VERSION = 1;
				GENERATE_INFOPLIST_FILE = YES;
				IPHONEOS_DEPLOYMENT_TARGET = 16.4;
				MARKETING_VERSION = 1.0;
				PRODUCT_BUNDLE_IDENTIFIER = "none.I-Am-RichTests";
				PRODUCT_NAME = "$(TARGET_NAME)";
				SWIFT_EMIT_LOC_STRINGS = NO;
				SWIFT_VERSION = 5.0;
				TARGETED_DEVICE_FAMILY = "1,2";
				TEST_HOST = "$(BUILT_PRODUCTS_DIR)/I Am Rich.app/$(BUNDLE_EXECUTABLE_FOLDER_PATH)/I Am Rich";
			};
			name = Debug;
		};
		BE10718C2A8D5F320094103B /* Release */ = {
			isa = XCBuildConfiguration;
			buildSettings = {
				ALWAYS_EMBED_SWIFT_STANDARD_LIBRARIES = YES;
				BUNDLE_LOADER = "$(TEST_HOST)";
				CODE_SIGN_STYLE = Automatic;
				CURRENT_PROJECT_VERSION = 1;
				GENERATE_INFOPLIST_FILE = YES;
				IPHONEOS_DEPLOYMENT_TARGET = 16.4;
				MARKETING_VERSION = 1.0;
				PRODUCT_BUNDLE_IDENTIFIER = "none.I-Am-RichTests";
				PRODUCT_NAME = "$(TARGET_NAME)";
				SWIFT_EMIT_LOC_STRINGS = NO;
				SWIFT_VERSION = 5.0;
				TARGETED_DEVICE_FAMILY = "1,2";
				TEST_HOST = "$(BUILT_PRODUCTS_DIR)/I Am Rich.app/$(BUNDLE_EXECUTABLE_FOLDER_PATH)/I Am Rich";
			};
			name = Release;
		};
		BE10718E2A8D5F320094103B /* Debug */ = {
			isa = XCBuildConfiguration;
			buildSettings = {
				ALWAYS_EMBED_SWIFT_STANDARD_LIBRARIES = YES;
				CODE_SIGN_STYLE = Automatic;
				CURRENT_PROJECT_VERSION = 1;
				GENERATE_INFOPLIST_FILE = YES;
				MARKETING_VERSION = 1.0;
				PRODUCT_BUNDLE_IDENTIFIER = "none.I-Am-RichUITests";
				PRODUCT_NAME = "$(TARGET_NAME)";
				SWIFT_EMIT_LOC_STRINGS = NO;
				SWIFT_VERSION = 5.0;
				TARGETED_DEVICE_FAMILY = "1,2";
				TEST_TARGET_NAME = "I Am Rich";
			};
			name = Debug;
		};
		BE10718F2A8D5F320094103B /* Release */ = {
			isa = XCBuildConfiguration;
			buildSettings = {
				ALWAYS_EMBED_SWIFT_STANDARD_LIBRARIES = YES;
				CODE_SIGN_STYLE = Automatic;
				CURRENT_PROJECT_VERSION = 1;
				GENERATE_INFOPLIST_FILE = YES;
				MARKETING_VERSION = 1.0;
				PRODUCT_BUNDLE_IDENTIFIER = "none.I-Am-RichUITests";
				PRODUCT_NAME = "$(TARGET_NAME)";
				SWIFT_EMIT_LOC_STRINGS = NO;
				SWIFT_VERSION = 5.0;
				TARGETED_DEVICE_FAMILY = "1,2";
				TEST_TARGET_NAME = "I Am Rich";
			};
			name = Release;
		};
/* End XCBuildConfiguration section */

/* Begin XCConfigurationList section */
		BE1071582A8D5F320094103B /* Build configuration list for PBXProject "I Am Rich" */ = {
			isa = XCConfigurationList;
			buildConfigurations = (
				BE1071852A8D5F320094103B /* Debug */,
				BE1071862A8D5F320094103B /* Release */,
			);
			defaultConfigurationIsVisible = 0;
			defaultConfigurationName = Release;
		};
		BE1071872A8D5F320094103B /* Build configuration list for PBXNativeTarget "I Am Rich" */ = {
			isa = XCConfigurationList;
			buildConfigurations = (
				BE1071882A8D5F320094103B /* Debug */,
				BE1071892A8D5F320094103B /* Release */,
			);
			defaultConfigurationIsVisible = 0;
			defaultConfigurationName = Release;
		};
		BE10718A2A8D5F320094103B /* Build configuration list for PBXNativeTarget "I Am RichTests" */ = {
			isa = XCConfigurationList;
			buildConfigurations = (
				BE10718B2A8D5F320094103B /* Debug */,
				BE10718C2A8D5F320094103B /* Release */,
			);
			defaultConfigurationIsVisible = 0;
			defaultConfigurationName = Release;
		};
		BE10718D2A8D5F320094103B /* Build configuration list for PBXNativeTarget "I Am RichUITests" */ = {
			isa = XCConfigurationList;
			buildConfigurations = (
				BE10718E2A8D5F320094103B /* Debug */,
				BE10718F2A8D5F320094103B /* Release */,
			);
			defaultConfigurationIsVisible = 0;
			defaultConfigurationName = Release;
		};
/* End XCConfigurationList section */
	};
	rootObject = BE1071552A8D5F320094103B /* Project object */;
}
