// !$*UTF8*$!
{
	archiveVersion = 1;
	classes = {
	};
	objectVersion = 56;
	objects = {

/* Begin PBXBuildFile section */
		F3CA054C2A9F8B7C00C97869 /* AppDelegate.swift in Sources */ = {isa = PBXBuildFile; fileRef = F3CA054B2A9F8B7C00C97869 /* AppDelegate.swift */; };
		F3CA054E2A9F8B7C00C97869 /* SceneDelegate.swift in Sources */ = {isa = PBXBuildFile; fileRef = F3CA054D2A9F8B7C00C97869 /* SceneDelegate.swift */; };
		F3CA05502A9F8B7C00C97869 /* ViewController.swift in Sources */ = {isa = PBXBuildFile; fileRef = F3CA054F2A9F8B7C00C97869 /* ViewController.swift */; };
		F3CA05532A9F8B7C00C97869 /* Main.storyboard in Resources */ = {isa = PBXBuildFile; fileRef = F3CA05512A9F8B7C00C97869 /* Main.storyboard */; };
		F3CA05552A9F8B7C00C97869 /* Assets.xcassets in Resources */ = {isa = PBXBuildFile; fileRef = F3CA05542A9F8B7C00C97869 /* Assets.xcassets */; };
		F3CA05582A9F8B7C00C97869 /* LaunchScreen.storyboard in Resources */ = {isa = PBXBuildFile; fileRef = F3CA05562A9F8B7C00C97869 /* LaunchScreen.storyboard */; };
		F3CA05602A9F8C7000C97869 /* Story.swift in Sources */ = {isa = PBXBuildFile; fileRef = F3CA055F2A9F8C7000C97869 /* Story.swift */; };
		F3CA05622A9F8DE700C97869 /* Destiny.swift in Sources */ = {isa = PBXBuildFile; fileRef = F3CA05612A9F8DE700C97869 /* Destiny.swift */; };
/* End PBXBuildFile section */

/* Begin PBXFileReference section */
		F3CA05482A9F8B7C00C97869 /* SimpleDestiny.app */ = {isa = PBXFileReference; explicitFileType = wrapper.application; includeInIndex = 0; path = SimpleDestiny.app; sourceTree = BUILT_PRODUCTS_DIR; };
		F3CA054B2A9F8B7C00C97869 /* AppDelegate.swift */ = {isa = PBXFileReference; lastKnownFileType = sourcecode.swift; path = AppDelegate.swift; sourceTree = "<group>"; };
		F3CA054D2A9F8B7C00C97869 /* SceneDelegate.swift */ = {isa = PBXFileReference; lastKnownFileType = sourcecode.swift; path = SceneDelegate.swift; sourceTree = "<group>"; };
		F3CA054F2A9F8B7C00C97869 /* ViewController.swift */ = {isa = PBXFileReference; lastKnownFileType = sourcecode.swift; path = ViewController.swift; sourceTree = "<group>"; };
		F3CA05522A9F8B7C00C97869 /* Base */ = {isa = PBXFileReference; lastKnownFileType = file.storyboard; name = Base; path = Base.lproj/Main.storyboard; sourceTree = "<group>"; };
		F3CA05542A9F8B7C00C97869 /* Assets.xcassets */ = {isa = PBXFileReference; lastKnownFileType = folder.assetcatalog; path = Assets.xcassets; sourceTree = "<group>"; };
		F3CA05572A9F8B7C00C97869 /* Base */ = {isa = PBXFileReference; lastKnownFileType = file.storyboard; name = Base; path = Base.lproj/LaunchScreen.storyboard; sourceTree = "<group>"; };
		F3CA05592A9F8B7C00C97869 /* Info.plist */ = {isa = PBXFileReference; lastKnownFileType = text.plist.xml; path = Info.plist; sourceTree = "<group>"; };
		F3CA055F2A9F8C7000C97869 /* Story.swift */ = {isa = PBXFileReference; lastKnownFileType = sourcecode.swift; path = Story.swift; sourceTree = "<group>"; };
		F3CA05612A9F8DE700C97869 /* Destiny.swift */ = {isa = PBXFileReference; lastKnownFileType = sourcecode.swift; path = Destiny.swift; sourceTree = "<group>"; };
/* End PBXFileReference section */

/* Begin PBXFrameworksBuildPhase section */
		F3CA05452A9F8B7C00C97869 /* Frameworks */ = {
			isa = PBXFrameworksBuildPhase;
			buildActionMask = 2147483647;
			files = (
			);
			runOnlyForDeploymentPostprocessing = 0;
		};
/* End PBXFrameworksBuildPhase section */

/* Begin PBXGroup section */
		F3CA053F2A9F8B7C00C97869 = {
			isa = PBXGroup;
			children = (
				F3CA054A2A9F8B7C00C97869 /* SimpleDestiny */,
				F3CA05492A9F8B7C00C97869 /* Products */,
			);
			sourceTree = "<group>";
		};
		F3CA05492A9F8B7C00C97869 /* Products */ = {
			isa = PBXGroup;
			children = (
				F3CA05482A9F8B7C00C97869 /* SimpleDestiny.app */,
			);
			name = Products;
			sourceTree = "<group>";
		};
		F3CA054A2A9F8B7C00C97869 /* SimpleDestiny */ = {
			isa = PBXGroup;
			children = (
				F3CA054B2A9F8B7C00C97869 /* AppDelegate.swift */,
				F3CA054D2A9F8B7C00C97869 /* SceneDelegate.swift */,
				F3CA054F2A9F8B7C00C97869 /* ViewController.swift */,
				F3CA05512A9F8B7C00C97869 /* Main.storyboard */,
				F3CA055F2A9F8C7000C97869 /* Story.swift */,
				F3CA05612A9F8DE700C97869 /* Destiny.swift */,
				F3CA05542A9F8B7C00C97869 /* Assets.xcassets */,
				F3CA05562A9F8B7C00C97869 /* LaunchScreen.storyboard */,
				F3CA05592A9F8B7C00C97869 /* Info.plist */,
			);
			path = SimpleDestiny;
			sourceTree = "<group>";
		};
/* End PBXGroup section */

/* Begin PBXNativeTarget section */
		F3CA05472A9F8B7C00C97869 /* SimpleDestiny */ = {
			isa = PBXNativeTarget;
			buildConfigurationList = F3CA055C2A9F8B7C00C97869 /* Build configuration list for PBXNativeTarget "SimpleDestiny" */;
			buildPhases = (
				F3CA05442A9F8B7C00C97869 /* Sources */,
				F3CA05452A9F8B7C00C97869 /* Frameworks */,
				F3CA05462A9F8B7C00C97869 /* Resources */,
			);
			buildRules = (
			);
			dependencies = (
			);
			name = SimpleDestiny;
			productName = SimpleDestiny;
			productReference = F3CA05482A9F8B7C00C97869 /* SimpleDestiny.app */;
			productType = "com.apple.product-type.application";
		};
/* End PBXNativeTarget section */

/* Begin PBXProject section */
		F3CA05402A9F8B7C00C97869 /* Project object */ = {
			isa = PBXProject;
			attributes = {
				BuildIndependentTargetsInParallel = 1;
				LastSwiftUpdateCheck = 1430;
				LastUpgradeCheck = 1430;
				TargetAttributes = {
					F3CA05472A9F8B7C00C97869 = {
						CreatedOnToolsVersion = 14.3.1;
					};
				};
			};
			buildConfigurationList = F3CA05432A9F8B7C00C97869 /* Build configuration list for PBXProject "SimpleDestiny" */;
			compatibilityVersion = "Xcode 14.0";
			developmentRegion = en;
			hasScannedForEncodings = 0;
			knownRegions = (
				en,
				Base,
			);
			mainGroup = F3CA053F2A9F8B7C00C97869;
			productRefGroup = F3CA05492A9F8B7C00C97869 /* Products */;
			projectDirPath = "";
			projectRoot = "";
			targets = (
				F3CA05472A9F8B7C00C97869 /* SimpleDestiny */,
			);
		};
/* End PBXProject section */

/* Begin PBXResourcesBuildPhase section */
		F3CA05462A9F8B7C00C97869 /* Resources */ = {
			isa = PBXResourcesBuildPhase;
			buildActionMask = 2147483647;
			files = (
				F3CA05582A9F8B7C00C97869 /* LaunchScreen.storyboard in Resources */,
				F3CA05552A9F8B7C00C97869 /* Assets.xcassets in Resources */,
				F3CA05532A9F8B7C00C97869 /* Main.storyboard in Resources */,
			);
			runOnlyForDeploymentPostprocessing = 0;
		};
/* End PBXResourcesBuildPhase section */

/* Begin PBXSourcesBuildPhase section */
		F3CA05442A9F8B7C00C97869 /* Sources */ = {
			isa = PBXSourcesBuildPhase;
			buildActionMask = 2147483647;
			files = (
				F3CA05502A9F8B7C00C97869 /* ViewController.swift in Sources */,
				F3CA054C2A9F8B7C00C97869 /* AppDelegate.swift in Sources */,
				F3CA054E2A9F8B7C00C97869 /* SceneDelegate.swift in Sources */,
				F3CA05602A9F8C7000C97869 /* Story.swift in Sources */,
				F3CA05622A9F8DE700C97869 /* Destiny.swift in Sources */,
			);
			runOnlyForDeploymentPostprocessing = 0;
		};
/* End PBXSourcesBuildPhase section */

/* Begin PBXVariantGroup section */
		F3CA05512A9F8B7C00C97869 /* Main.storyboard */ = {
			isa = PBXVariantGroup;
			children = (
				F3CA05522A9F8B7C00C97869 /* Base */,
			);
			name = Main.storyboard;
			sourceTree = "<group>";
		};
		F3CA05562A9F8B7C00C97869 /* LaunchScreen.storyboard */ = {
			isa = PBXVariantGroup;
			children = (
				F3CA05572A9F8B7C00C97869 /* Base */,
			);
			name = LaunchScreen.storyboard;
			sourceTree = "<group>";
		};
/* End PBXVariantGroup section */

/* Begin XCBuildConfiguration section */
		F3CA055A2A9F8B7C00C97869 /* Debug */ = {
			isa = XCBuildConfiguration;
			buildSettings = {
				ALWAYS_SEARCH_USER_PATHS = NO;
				CLANG_ANALYZER_NONNULL = YES;
				CLANG_ANALYZER_NUMBER_OBJECT_CONVERSION = YES_AGGRESSIVE;
				CLANG_CXX_LANGUAGE_STANDARD = "gnu++20";
				CLANG_ENABLE_MODULES = YES;
				CLANG_ENABLE_OBJC_ARC = YES;
				CLANG_ENABLE_OBJC_WEAK = YES;
				CLANG_WARN_BLOCK_CAPTURE_AUTORELEASING = YES;
				CLANG_WARN_BOOL_CONVERSION = YES;
				CLANG_WARN_COMMA = YES;
				CLANG_WARN_CONSTANT_CONVERSION = YES;
				CLANG_WARN_DEPRECATED_OBJC_IMPLEMENTATIONS = YES;
				CLANG_WARN_DIRECT_OBJC_ISA_USAGE = YES_ERROR;
				CLANG_WARN_DOCUMENTATION_COMMENTS = YES;
				CLANG_WARN_EMPTY_BODY = YES;
				CLANG_WARN_ENUM_CONVERSION = YES;
				CLANG_WARN_INFINITE_RECURSION = YES;
				CLANG_WARN_INT_CONVERSION = YES;
				CLANG_WARN_NON_LITERAL_NULL_CONVERSION = YES;
				CLANG_WARN_OBJC_IMPLICIT_RETAIN_SELF = YES;
				CLANG_WARN_OBJC_LITERAL_CONVERSION = YES;
				CLANG_WARN_OBJC_ROOT_CLASS = YES_ERROR;
				CLANG_WARN_QUOTED_INCLUDE_IN_FRAMEWORK_HEADER = YES;
				CLANG_WARN_RANGE_LOOP_ANALYSIS = YES;
				CLANG_WARN_STRICT_PROTOTYPES = YES;
				CLANG_WARN_SUSPICIOUS_MOVE = YES;
				CLANG_WARN_UNGUARDED_AVAILABILITY = YES_AGGRESSIVE;
				CLANG_WARN_UNREACHABLE_CODE = YES;
				CLANG_WARN__DUPLICATE_METHOD_MATCH = YES;
				COPY_PHASE_STRIP = NO;
				DEBUG_INFORMATION_FORMAT = dwarf;
				ENABLE_STRICT_OBJC_MSGSEND = YES;
				ENABLE_TESTABILITY = YES;
				GCC_C_LANGUAGE_STANDARD = gnu11;
				GCC_DYNAMIC_NO_PIC = NO;
				GCC_NO_COMMON_BLOCKS = YES;
				GCC_OPTIMIZATION_LEVEL = 0;
				GCC_PREPROCESSOR_DEFINITIONS = (
					"DEBUG=1",
					"$(inherited)",
				);
				GCC_WARN_64_TO_32_BIT_CONVERSION = YES;
				GCC_WARN_ABOUT_RETURN_TYPE = YES_ERROR;
				GCC_WARN_UNDECLARED_SELECTOR = YES;
				GCC_WARN_UNINITIALIZED_AUTOS = YES_AGGRESSIVE;
				GCC_WARN_UNUSED_FUNCTION = YES;
				GCC_WARN_UNUSED_VARIABLE = YES;
				IPHONEOS_DEPLOYMENT_TARGET = 16.4;
				MTL_ENABLE_DEBUG_INFO = INCLUDE_SOURCE;
				MTL_FAST_MATH = YES;
				ONLY_ACTIVE_ARCH = YES;
				SDKROOT = iphoneos;
				SWIFT_ACTIVE_COMPILATION_CONDITIONS = DEBUG;
				SWIFT_OPTIMIZATION_LEVEL = "-Onone";
			};
			name = Debug;
		};
		F3CA055B2A9F8B7C00C97869 /* Release */ = {
			isa = XCBuildConfiguration;
			buildSettings = {
				ALWAYS_SEARCH_USER_PATHS = NO;
				CLANG_ANALYZER_NONNULL = YES;
				CLANG_ANALYZER_NUMBER_OBJECT_CONVERSION = YES_AGGRESSIVE;
				CLANG_CXX_LANGUAGE_STANDARD = "gnu++20";
				CLANG_ENABLE_MODULES = YES;
				CLANG_ENABLE_OBJC_ARC = YES;
				CLANG_ENABLE_OBJC_WEAK = YES;
				CLANG_WARN_BLOCK_CAPTURE_AUTORELEASING = YES;
				CLANG_WARN_BOOL_CONVERSION = YES;
				CLANG_WARN_COMMA = YES;
				CLANG_WARN_CONSTANT_CONVERSION = YES;
				CLANG_WARN_DEPRECATED_OBJC_IMPLEMENTATIONS = YES;
				CLANG_WARN_DIRECT_OBJC_ISA_USAGE = YES_ERROR;
				CLANG_WARN_DOCUMENTATION_COMMENTS = YES;
				CLANG_WARN_EMPTY_BODY = YES;
				CLANG_WARN_ENUM_CONVERSION = YES;
				CLANG_WARN_INFINITE_RECURSION = YES;
				CLANG_WARN_INT_CONVERSION = YES;
				CLANG_WARN_NON_LITERAL_NULL_CONVERSION = YES;
				CLANG_WARN_OBJC_IMPLICIT_RETAIN_SELF = YES;
				CLANG_WARN_OBJC_LITERAL_CONVERSION = YES;
				CLANG_WARN_OBJC_ROOT_CLASS = YES_ERROR;
				CLANG_WARN_QUOTED_INCLUDE_IN_FRAMEWORK_HEADER = YES;
				CLANG_WARN_RANGE_LOOP_ANALYSIS = YES;
				CLANG_WARN_STRICT_PROTOTYPES = YES;
				CLANG_WARN_SUSPICIOUS_MOVE = YES;
				CLANG_WARN_UNGUARDED_AVAILABILITY = YES_AGGRESSIVE;
				CLANG_WARN_UNREACHABLE_CODE = YES;
				CLANG_WARN__DUPLICATE_METHOD_MATCH = YES;
				COPY_PHASE_STRIP = NO;
				DEBUG_INFORMATION_FORMAT = "dwarf-with-dsym";
				ENABLE_NS_ASSERTIONS = NO;
				ENABLE_STRICT_OBJC_MSGSEND = YES;
				GCC_C_LANGUAGE_STANDARD = gnu11;
				GCC_NO_COMMON_BLOCKS = YES;
				GCC_WARN_64_TO_32_BIT_CONVERSION = YES;
				GCC_WARN_ABOUT_RETURN_TYPE = YES_ERROR;
				GCC_WARN_UNDECLARED_SELECTOR = YES;
				GCC_WARN_UNINITIALIZED_AUTOS = YES_AGGRESSIVE;
				GCC_WARN_UNUSED_FUNCTION = YES;
				GCC_WARN_UNUSED_VARIABLE = YES;
				IPHONEOS_DEPLOYMENT_TARGET = 16.4;
				MTL_ENABLE_DEBUG_INFO = NO;
				MTL_FAST_MATH = YES;
				SDKROOT = iphoneos;
				SWIFT_COMPILATION_MODE = wholemodule;
				SWIFT_OPTIMIZATION_LEVEL = "-O";
				VALIDATE_PRODUCT = YES;
			};
			name = Release;
		};
		F3CA055D2A9F8B7C00C97869 /* Debug */ = {
			isa = XCBuildConfiguration;
			buildSettings = {
				ASSETCATALOG_COMPILER_APPICON_NAME = AppIcon;
				ASSETCATALOG_COMPILER_GLOBAL_ACCENT_COLOR_NAME = AccentColor;
				CODE_SIGN_STYLE = Automatic;
				CURRENT_PROJECT_VERSION = 1;
				GENERATE_INFOPLIST_FILE = YES;
				INFOPLIST_FILE = SimpleDestiny/Info.plist;
				INFOPLIST_KEY_UIApplicationSupportsIndirectInputEvents = YES;
				INFOPLIST_KEY_UILaunchStoryboardName = LaunchScreen;
				INFOPLIST_KEY_UIMainStoryboardFile = Main;
				INFOPLIST_KEY_UISupportedInterfaceOrientations_iPad = "UIInterfaceOrientationPortrait UIInterfaceOrientationPortraitUpsideDown UIInterfaceOrientationLandscapeLeft UIInterfaceOrientationLandscapeRight";
				INFOPLIST_KEY_UISupportedInterfaceOrientations_iPhone = "UIInterfaceOrientationPortrait UIInterfaceOrientationLandscapeLeft UIInterfaceOrientationLandscapeRight";
				LD_RUNPATH_SEARCH_PATHS = (
					"$(inherited)",
					"@executable_path/Frameworks",
				);
				MARKETING_VERSION = 1.0;
				PRODUCT_BUNDLE_IDENTIFIER = com.aadikrishna.SimpleDestiny;
				PRODUCT_NAME = "$(TARGET_NAME)";
				SWIFT_EMIT_LOC_STRINGS = YES;
				SWIFT_VERSION = 5.0;
				TARGETED_DEVICE_FAMILY = "1,2";
			};
			name = Debug;
		};
		F3CA055E2A9F8B7C00C97869 /* Release */ = {
			isa = XCBuildConfiguration;
			buildSettings = {
				ASSETCATALOG_COMPILER_APPICON_NAME = AppIcon;
				ASSETCATALOG_COMPILER_GLOBAL_ACCENT_COLOR_NAME = AccentColor;
				CODE_SIGN_STYLE = Automatic;
				CURRENT_PROJECT_VERSION = 1;
				GENERATE_INFOPLIST_FILE = YES;
				INFOPLIST_FILE = SimpleDestiny/Info.plist;
				INFOPLIST_KEY_UIApplicationSupportsIndirectInputEvents = YES;
				INFOPLIST_KEY_UILaunchStoryboardName = LaunchScreen;
				INFOPLIST_KEY_UIMainStoryboardFile = Main;
				INFOPLIST_KEY_UISupportedInterfaceOrientations_iPad = "UIInterfaceOrientationPortrait UIInterfaceOrientationPortraitUpsideDown UIInterfaceOrientationLandscapeLeft UIInterfaceOrientationLandscapeRight";
				INFOPLIST_KEY_UISupportedInterfaceOrientations_iPhone = "UIInterfaceOrientationPortrait UIInterfaceOrientationLandscapeLeft UIInterfaceOrientationLandscapeRight";
				LD_RUNPATH_SEARCH_PATHS = (
					"$(inherited)",
					"@executable_path/Frameworks",
				);
				MARKETING_VERSION = 1.0;
				PRODUCT_BUNDLE_IDENTIFIER = com.aadikrishna.SimpleDestiny;
				PRODUCT_NAME = "$(TARGET_NAME)";
				SWIFT_EMIT_LOC_STRINGS = YES;
				SWIFT_VERSION = 5.0;
				TARGETED_DEVICE_FAMILY = "1,2";
			};
			name = Release;
		};
/* End XCBuildConfiguration section */

/* Begin XCConfigurationList section */
		F3CA05432A9F8B7C00C97869 /* Build configuration list for PBXProject "SimpleDestiny" */ = {
			isa = XCConfigurationList;
			buildConfigurations = (
				F3CA055A2A9F8B7C00C97869 /* Debug */,
				F3CA055B2A9F8B7C00C97869 /* Release */,
			);
			defaultConfigurationIsVisible = 0;
			defaultConfigurationName = Release;
		};
		F3CA055C2A9F8B7C00C97869 /* Build configuration list for PBXNativeTarget "SimpleDestiny" */ = {
			isa = XCConfigurationList;
			buildConfigurations = (
				F3CA055D2A9F8B7C00C97869 /* Debug */,
				F3CA055E2A9F8B7C00C97869 /* Release */,
			);
			defaultConfigurationIsVisible = 0;
			defaultConfigurationName = Release;
		};
/* End XCConfigurationList section */
	};
	rootObject = F3CA05402A9F8B7C00C97869 /* Project object */;
}
