// !$*UTF8*$!
{
	archiveVersion = 1;
	classes = {
	};
	objectVersion = 56;
	objects = {

/* Begin PBXBuildFile section */
		BE9C0E882B27746C000D12D3 /* HoursViewController.swift in Sources */ = {isa = PBXBuildFile; fileRef = BE9C0E872B27746C000D12D3 /* HoursViewController.swift */; };
		BEC7962B2B27727500E961E5 /* AppDelegate.swift in Sources */ = {isa = PBXBuildFile; fileRef = BEC7962A2B27727500E961E5 /* AppDelegate.swift */; };
		BEC7962D2B27727500E961E5 /* SceneDelegate.swift in Sources */ = {isa = PBXBuildFile; fileRef = BEC7962C2B27727500E961E5 /* SceneDelegate.swift */; };
		BEC7962F2B27727500E961E5 /* LoginViewController.swift in Sources */ = {isa = PBXBuildFile; fileRef = BEC7962E2B27727500E961E5 /* LoginViewController.swift */; };
		BEC796322B27727500E961E5 /* Main.storyboard in Resources */ = {isa = PBXBuildFile; fileRef = BEC796302B27727500E961E5 /* Main.storyboard */; };
		BEC796342B27727600E961E5 /* Assets.xcassets in Resources */ = {isa = PBXBuildFile; fileRef = BEC796332B27727600E961E5 /* Assets.xcassets */; };
		BEC796372B27727600E961E5 /* LaunchScreen.storyboard in Resources */ = {isa = PBXBuildFile; fileRef = BEC796352B27727600E961E5 /* LaunchScreen.storyboard */; };
		BEC7963F2B2772ED00E961E5 /* Switcher.swift in Sources */ = {isa = PBXBuildFile; fileRef = BEC7963E2B2772ED00E961E5 /* Switcher.swift */; };
		BEFB45D92B27787900F0A808 /* SignUpViewController.swift in Sources */ = {isa = PBXBuildFile; fileRef = BEFB45D82B27787900F0A808 /* SignUpViewController.swift */; };
		BEFB45DB2B27812500F0A808 /* GoogleService-Info.plist in Resources */ = {isa = PBXBuildFile; fileRef = BEFB45DA2B27812500F0A808 /* GoogleService-Info.plist */; };
		BEFB45DE2B27815600F0A808 /* FirebaseAuth in Frameworks */ = {isa = PBXBuildFile; productRef = BEFB45DD2B27815600F0A808 /* FirebaseAuth */; };
		BEFB45E02B27815600F0A808 /* FirebaseFirestore in Frameworks */ = {isa = PBXBuildFile; productRef = BEFB45DF2B27815600F0A808 /* FirebaseFirestore */; };
/* End PBXBuildFile section */

/* Begin PBXFileReference section */
		BE9C0E872B27746C000D12D3 /* HoursViewController.swift */ = {isa = PBXFileReference; lastKnownFileType = sourcecode.swift; path = HoursViewController.swift; sourceTree = "<group>"; };
		BEC796272B27727500E961E5 /* Voluntracker.app */ = {isa = PBXFileReference; explicitFileType = wrapper.application; includeInIndex = 0; path = Voluntracker.app; sourceTree = BUILT_PRODUCTS_DIR; };
		BEC7962A2B27727500E961E5 /* AppDelegate.swift */ = {isa = PBXFileReference; lastKnownFileType = sourcecode.swift; path = AppDelegate.swift; sourceTree = "<group>"; };
		BEC7962C2B27727500E961E5 /* SceneDelegate.swift */ = {isa = PBXFileReference; lastKnownFileType = sourcecode.swift; path = SceneDelegate.swift; sourceTree = "<group>"; };
		BEC7962E2B27727500E961E5 /* LoginViewController.swift */ = {isa = PBXFileReference; lastKnownFileType = sourcecode.swift; path = LoginViewController.swift; sourceTree = "<group>"; };
		BEC796312B27727500E961E5 /* Base */ = {isa = PBXFileReference; lastKnownFileType = file.storyboard; name = Base; path = Base.lproj/Main.storyboard; sourceTree = "<group>"; };
		BEC796332B27727600E961E5 /* Assets.xcassets */ = {isa = PBXFileReference; lastKnownFileType = folder.assetcatalog; path = Assets.xcassets; sourceTree = "<group>"; };
		BEC796362B27727600E961E5 /* Base */ = {isa = PBXFileReference; lastKnownFileType = file.storyboard; name = Base; path = Base.lproj/LaunchScreen.storyboard; sourceTree = "<group>"; };
		BEC796382B27727600E961E5 /* Info.plist */ = {isa = PBXFileReference; lastKnownFileType = text.plist.xml; path = Info.plist; sourceTree = "<group>"; };
		BEC7963E2B2772ED00E961E5 /* Switcher.swift */ = {isa = PBXFileReference; lastKnownFileType = sourcecode.swift; path = Switcher.swift; sourceTree = "<group>"; };
		BEFB45D82B27787900F0A808 /* SignUpViewController.swift */ = {isa = PBXFileReference; lastKnownFileType = sourcecode.swift; path = SignUpViewController.swift; sourceTree = "<group>"; };
		BEFB45DA2B27812500F0A808 /* GoogleService-Info.plist */ = {isa = PBXFileReference; fileEncoding = 4; lastKnownFileType = text.plist.xml; path = "GoogleService-Info.plist"; sourceTree = "<group>"; };
/* End PBXFileReference section */

/* Begin PBXFrameworksBuildPhase section */
		BEC796242B27727500E961E5 /* Frameworks */ = {
			isa = PBXFrameworksBuildPhase;
			buildActionMask = 2147483647;
			files = (
				BEFB45DE2B27815600F0A808 /* FirebaseAuth in Frameworks */,
				BEFB45E02B27815600F0A808 /* FirebaseFirestore in Frameworks */,
			);
			runOnlyForDeploymentPostprocessing = 0;
		};
/* End PBXFrameworksBuildPhase section */

/* Begin PBXGroup section */
		BEC7961E2B27727500E961E5 = {
			isa = PBXGroup;
			children = (
				BEC796292B27727500E961E5 /* Voluntracker */,
				BEC796282B27727500E961E5 /* Products */,
			);
			sourceTree = "<group>";
		};
		BEC796282B27727500E961E5 /* Products */ = {
			isa = PBXGroup;
			children = (
				BEC796272B27727500E961E5 /* Voluntracker.app */,
			);
			name = Products;
			sourceTree = "<group>";
		};
		BEC796292B27727500E961E5 /* Voluntracker */ = {
			isa = PBXGroup;
			children = (
				BEC7962A2B27727500E961E5 /* AppDelegate.swift */,
				BEC7962C2B27727500E961E5 /* SceneDelegate.swift */,
				BEC7962E2B27727500E961E5 /* LoginViewController.swift */,
				BEC7963E2B2772ED00E961E5 /* Switcher.swift */,
				BE9C0E872B27746C000D12D3 /* HoursViewController.swift */,
				BEC796302B27727500E961E5 /* Main.storyboard */,
				BEFB45D82B27787900F0A808 /* SignUpViewController.swift */,
				BEFB45DA2B27812500F0A808 /* GoogleService-Info.plist */,
				BEC796332B27727600E961E5 /* Assets.xcassets */,
				BEC796352B27727600E961E5 /* LaunchScreen.storyboard */,
				BEC796382B27727600E961E5 /* Info.plist */,
			);
			path = Voluntracker;
			sourceTree = "<group>";
		};
/* End PBXGroup section */

/* Begin PBXNativeTarget section */
		BEC796262B27727500E961E5 /* Voluntracker */ = {
			isa = PBXNativeTarget;
			buildConfigurationList = BEC7963B2B27727600E961E5 /* Build configuration list for PBXNativeTarget "Voluntracker" */;
			buildPhases = (
				BEC796232B27727500E961E5 /* Sources */,
				BEC796242B27727500E961E5 /* Frameworks */,
				BEC796252B27727500E961E5 /* Resources */,
			);
			buildRules = (
			);
			dependencies = (
			);
			name = Voluntracker;
			packageProductDependencies = (
				BEFB45DD2B27815600F0A808 /* FirebaseAuth */,
				BEFB45DF2B27815600F0A808 /* FirebaseFirestore */,
			);
			productName = Voluntracker;
			productReference = BEC796272B27727500E961E5 /* Voluntracker.app */;
			productType = "com.apple.product-type.application";
		};
/* End PBXNativeTarget section */

/* Begin PBXProject section */
		BEC7961F2B27727500E961E5 /* Project object */ = {
			isa = PBXProject;
			attributes = {
				BuildIndependentTargetsInParallel = 1;
				LastSwiftUpdateCheck = 1430;
				LastUpgradeCheck = 1430;
				TargetAttributes = {
					BEC796262B27727500E961E5 = {
						CreatedOnToolsVersion = 14.3.1;
					};
				};
			};
			buildConfigurationList = BEC796222B27727500E961E5 /* Build configuration list for PBXProject "Voluntracker" */;
			compatibilityVersion = "Xcode 14.0";
			developmentRegion = en;
			hasScannedForEncodings = 0;
			knownRegions = (
				en,
				Base,
			);
			mainGroup = BEC7961E2B27727500E961E5;
			packageReferences = (
				BEFB45DC2B27815600F0A808 /* XCRemoteSwiftPackageReference "firebase-ios-sdk" */,
			);
			productRefGroup = BEC796282B27727500E961E5 /* Products */;
			projectDirPath = "";
			projectRoot = "";
			targets = (
				BEC796262B27727500E961E5 /* Voluntracker */,
			);
		};
/* End PBXProject section */

/* Begin PBXResourcesBuildPhase section */
		BEC796252B27727500E961E5 /* Resources */ = {
			isa = PBXResourcesBuildPhase;
			buildActionMask = 2147483647;
			files = (
				BEC796372B27727600E961E5 /* LaunchScreen.storyboard in Resources */,
				BEC796342B27727600E961E5 /* Assets.xcassets in Resources */,
				BEC796322B27727500E961E5 /* Main.storyboard in Resources */,
				BEFB45DB2B27812500F0A808 /* GoogleService-Info.plist in Resources */,
			);
			runOnlyForDeploymentPostprocessing = 0;
		};
/* End PBXResourcesBuildPhase section */

/* Begin PBXSourcesBuildPhase section */
		BEC796232B27727500E961E5 /* Sources */ = {
			isa = PBXSourcesBuildPhase;
			buildActionMask = 2147483647;
			files = (
				BEFB45D92B27787900F0A808 /* SignUpViewController.swift in Sources */,
				BEC7962F2B27727500E961E5 /* LoginViewController.swift in Sources */,
				BEC7962B2B27727500E961E5 /* AppDelegate.swift in Sources */,
				BEC7963F2B2772ED00E961E5 /* Switcher.swift in Sources */,
				BEC7962D2B27727500E961E5 /* SceneDelegate.swift in Sources */,
				BE9C0E882B27746C000D12D3 /* HoursViewController.swift in Sources */,
			);
			runOnlyForDeploymentPostprocessing = 0;
		};
/* End PBXSourcesBuildPhase section */

/* Begin PBXVariantGroup section */
		BEC796302B27727500E961E5 /* Main.storyboard */ = {
			isa = PBXVariantGroup;
			children = (
				BEC796312B27727500E961E5 /* Base */,
			);
			name = Main.storyboard;
			sourceTree = "<group>";
		};
		BEC796352B27727600E961E5 /* LaunchScreen.storyboard */ = {
			isa = PBXVariantGroup;
			children = (
				BEC796362B27727600E961E5 /* Base */,
			);
			name = LaunchScreen.storyboard;
			sourceTree = "<group>";
		};
/* End PBXVariantGroup section */

/* Begin XCBuildConfiguration section */
		BEC796392B27727600E961E5 /* Debug */ = {
			isa = XCBuildConfiguration;
			buildSettings = {
				ALWAYS_SEARCH_USER_PATHS = NO;
				CLANG_ANALYZER_NONNULL = YES;
				CLANG_ANALYZER_NUMBER_OBJECT_CONVERSION = YES_AGGRESSIVE;
				CLANG_CXX_LANGUAGE_STANDARD = "gnu++20";
				CLANG_ENABLE_MODULES = YES;
				CLANG_ENABLE_OBJC_ARC = YES;
				CLANG_ENABLE_OBJC_WEAK = YES;
				CLANG_WARN_BLOCK_CAPTURE_AUTORELEASING = YES;
				CLANG_WARN_BOOL_CONVERSION = YES;
				CLANG_WARN_COMMA = YES;
				CLANG_WARN_CONSTANT_CONVERSION = YES;
				CLANG_WARN_DEPRECATED_OBJC_IMPLEMENTATIONS = YES;
				CLANG_WARN_DIRECT_OBJC_ISA_USAGE = YES_ERROR;
				CLANG_WARN_DOCUMENTATION_COMMENTS = YES;
				CLANG_WARN_EMPTY_BODY = YES;
				CLANG_WARN_ENUM_CONVERSION = YES;
				CLANG_WARN_INFINITE_RECURSION = YES;
				CLANG_WARN_INT_CONVERSION = YES;
				CLANG_WARN_NON_LITERAL_NULL_CONVERSION = YES;
				CLANG_WARN_OBJC_IMPLICIT_RETAIN_SELF = YES;
				CLANG_WARN_OBJC_LITERAL_CONVERSION = YES;
				CLANG_WARN_OBJC_ROOT_CLASS = YES_ERROR;
				CLANG_WARN_QUOTED_INCLUDE_IN_FRAMEWORK_HEADER = YES;
				CLANG_WARN_RANGE_LOOP_ANALYSIS = YES;
				CLANG_WARN_STRICT_PROTOTYPES = YES;
				CLANG_WARN_SUSPICIOUS_MOVE = YES;
				CLANG_WARN_UNGUARDED_AVAILABILITY = YES_AGGRESSIVE;
				CLANG_WARN_UNREACHABLE_CODE = YES;
				CLANG_WARN__DUPLICATE_METHOD_MATCH = YES;
				COPY_PHASE_STRIP = NO;
				DEBUG_INFORMATION_FORMAT = dwarf;
				ENABLE_STRICT_OBJC_MSGSEND = YES;
				ENABLE_TESTABILITY = YES;
				GCC_C_LANGUAGE_STANDARD = gnu11;
				GCC_DYNAMIC_NO_PIC = NO;
				GCC_NO_COMMON_BLOCKS = YES;
				GCC_OPTIMIZATION_LEVEL = 0;
				GCC_PREPROCESSOR_DEFINITIONS = (
					"DEBUG=1",
					"$(inherited)",
				);
				GCC_WARN_64_TO_32_BIT_CONVERSION = YES;
				GCC_WARN_ABOUT_RETURN_TYPE = YES_ERROR;
				GCC_WARN_UNDECLARED_SELECTOR = YES;
				GCC_WARN_UNINITIALIZED_AUTOS = YES_AGGRESSIVE;
				GCC_WARN_UNUSED_FUNCTION = YES;
				GCC_WARN_UNUSED_VARIABLE = YES;
				IPHONEOS_DEPLOYMENT_TARGET = 16.4;
				MTL_ENABLE_DEBUG_INFO = INCLUDE_SOURCE;
				MTL_FAST_MATH = YES;
				ONLY_ACTIVE_ARCH = YES;
				SDKROOT = iphoneos;
				SWIFT_ACTIVE_COMPILATION_CONDITIONS = DEBUG;
				SWIFT_OPTIMIZATION_LEVEL = "-Onone";
			};
			name = Debug;
		};
		BEC7963A2B27727600E961E5 /* Release */ = {
			isa = XCBuildConfiguration;
			buildSettings = {
				ALWAYS_SEARCH_USER_PATHS = NO;
				CLANG_ANALYZER_NONNULL = YES;
				CLANG_ANALYZER_NUMBER_OBJECT_CONVERSION = YES_AGGRESSIVE;
				CLANG_CXX_LANGUAGE_STANDARD = "gnu++20";
				CLANG_ENABLE_MODULES = YES;
				CLANG_ENABLE_OBJC_ARC = YES;
				CLANG_ENABLE_OBJC_WEAK = YES;
				CLANG_WARN_BLOCK_CAPTURE_AUTORELEASING = YES;
				CLANG_WARN_BOOL_CONVERSION = YES;
				CLANG_WARN_COMMA = YES;
				CLANG_WARN_CONSTANT_CONVERSION = YES;
				CLANG_WARN_DEPRECATED_OBJC_IMPLEMENTATIONS = YES;
				CLANG_WARN_DIRECT_OBJC_ISA_USAGE = YES_ERROR;
				CLANG_WARN_DOCUMENTATION_COMMENTS = YES;
				CLANG_WARN_EMPTY_BODY = YES;
				CLANG_WARN_ENUM_CONVERSION = YES;
				CLANG_WARN_INFINITE_RECURSION = YES;
				CLANG_WARN_INT_CONVERSION = YES;
				CLANG_WARN_NON_LITERAL_NULL_CONVERSION = YES;
				CLANG_WARN_OBJC_IMPLICIT_RETAIN_SELF = YES;
				CLANG_WARN_OBJC_LITERAL_CONVERSION = YES;
				CLANG_WARN_OBJC_ROOT_CLASS = YES_ERROR;
				CLANG_WARN_QUOTED_INCLUDE_IN_FRAMEWORK_HEADER = YES;
				CLANG_WARN_RANGE_LOOP_ANALYSIS = YES;
				CLANG_WARN_STRICT_PROTOTYPES = YES;
				CLANG_WARN_SUSPICIOUS_MOVE = YES;
				CLANG_WARN_UNGUARDED_AVAILABILITY = YES_AGGRESSIVE;
				CLANG_WARN_UNREACHABLE_CODE = YES;
				CLANG_WARN__DUPLICATE_METHOD_MATCH = YES;
				COPY_PHASE_STRIP = NO;
				DEBUG_INFORMATION_FORMAT = "dwarf-with-dsym";
				ENABLE_NS_ASSERTIONS = NO;
				ENABLE_STRICT_OBJC_MSGSEND = YES;
				GCC_C_LANGUAGE_STANDARD = gnu11;
				GCC_NO_COMMON_BLOCKS = YES;
				GCC_WARN_64_TO_32_BIT_CONVERSION = YES;
				GCC_WARN_ABOUT_RETURN_TYPE = YES_ERROR;
				GCC_WARN_UNDECLARED_SELECTOR = YES;
				GCC_WARN_UNINITIALIZED_AUTOS = YES_AGGRESSIVE;
				GCC_WARN_UNUSED_FUNCTION = YES;
				GCC_WARN_UNUSED_VARIABLE = YES;
				IPHONEOS_DEPLOYMENT_TARGET = 16.4;
				MTL_ENABLE_DEBUG_INFO = NO;
				MTL_FAST_MATH = YES;
				SDKROOT = iphoneos;
				SWIFT_COMPILATION_MODE = wholemodule;
				SWIFT_OPTIMIZATION_LEVEL = "-O";
				VALIDATE_PRODUCT = YES;
			};
			name = Release;
		};
		BEC7963C2B27727600E961E5 /* Debug */ = {
			isa = XCBuildConfiguration;
			buildSettings = {
				ASSETCATALOG_COMPILER_APPICON_NAME = AppIcon;
				ASSETCATALOG_COMPILER_GLOBAL_ACCENT_COLOR_NAME = AccentColor;
				CODE_SIGN_STYLE = Automatic;
				CURRENT_PROJECT_VERSION = 1;
				GENERATE_INFOPLIST_FILE = YES;
				INFOPLIST_FILE = Voluntracker/Info.plist;
				INFOPLIST_KEY_UIApplicationSupportsIndirectInputEvents = YES;
				INFOPLIST_KEY_UILaunchStoryboardName = LaunchScreen;
				INFOPLIST_KEY_UIMainStoryboardFile = Main;
				INFOPLIST_KEY_UISupportedInterfaceOrientations_iPad = "UIInterfaceOrientationPortrait UIInterfaceOrientationPortraitUpsideDown UIInterfaceOrientationLandscapeLeft UIInterfaceOrientationLandscapeRight";
				INFOPLIST_KEY_UISupportedInterfaceOrientations_iPhone = "UIInterfaceOrientationPortrait UIInterfaceOrientationLandscapeLeft UIInterfaceOrientationLandscapeRight";
				LD_RUNPATH_SEARCH_PATHS = (
					"$(inherited)",
					"@executable_path/Frameworks",
				);
				MARKETING_VERSION = 1.0;
				PRODUCT_BUNDLE_IDENTIFIER = none.Voluntracker;
				PRODUCT_NAME = "$(TARGET_NAME)";
				SWIFT_EMIT_LOC_STRINGS = YES;
				SWIFT_VERSION = 5.0;
				TARGETED_DEVICE_FAMILY = "1,2";
			};
			name = Debug;
		};
		BEC7963D2B27727600E961E5 /* Release */ = {
			isa = XCBuildConfiguration;
			buildSettings = {
				ASSETCATALOG_COMPILER_APPICON_NAME = AppIcon;
				ASSETCATALOG_COMPILER_GLOBAL_ACCENT_COLOR_NAME = AccentColor;
				CODE_SIGN_STYLE = Automatic;
				CURRENT_PROJECT_VERSION = 1;
				GENERATE_INFOPLIST_FILE = YES;
				INFOPLIST_FILE = Voluntracker/Info.plist;
				INFOPLIST_KEY_UIApplicationSupportsIndirectInputEvents = YES;
				INFOPLIST_KEY_UILaunchStoryboardName = LaunchScreen;
				INFOPLIST_KEY_UIMainStoryboardFile = Main;
				INFOPLIST_KEY_UISupportedInterfaceOrientations_iPad = "UIInterfaceOrientationPortrait UIInterfaceOrientationPortraitUpsideDown UIInterfaceOrientationLandscapeLeft UIInterfaceOrientationLandscapeRight";
				INFOPLIST_KEY_UISupportedInterfaceOrientations_iPhone = "UIInterfaceOrientationPortrait UIInterfaceOrientationLandscapeLeft UIInterfaceOrientationLandscapeRight";
				LD_RUNPATH_SEARCH_PATHS = (
					"$(inherited)",
					"@executable_path/Frameworks",
				);
				MARKETING_VERSION = 1.0;
				PRODUCT_BUNDLE_IDENTIFIER = none.Voluntracker;
				PRODUCT_NAME = "$(TARGET_NAME)";
				SWIFT_EMIT_LOC_STRINGS = YES;
				SWIFT_VERSION = 5.0;
				TARGETED_DEVICE_FAMILY = "1,2";
			};
			name = Release;
		};
/* End XCBuildConfiguration section */

/* Begin XCConfigurationList section */
		BEC796222B27727500E961E5 /* Build configuration list for PBXProject "Voluntracker" */ = {
			isa = XCConfigurationList;
			buildConfigurations = (
				BEC796392B27727600E961E5 /* Debug */,
				BEC7963A2B27727600E961E5 /* Release */,
			);
			defaultConfigurationIsVisible = 0;
			defaultConfigurationName = Release;
		};
		BEC7963B2B27727600E961E5 /* Build configuration list for PBXNativeTarget "Voluntracker" */ = {
			isa = XCConfigurationList;
			buildConfigurations = (
				BEC7963C2B27727600E961E5 /* Debug */,
				BEC7963D2B27727600E961E5 /* Release */,
			);
			defaultConfigurationIsVisible = 0;
			defaultConfigurationName = Release;
		};
/* End XCConfigurationList section */

/* Begin XCRemoteSwiftPackageReference section */
		BEFB45DC2B27815600F0A808 /* XCRemoteSwiftPackageReference "firebase-ios-sdk" */ = {
			isa = XCRemoteSwiftPackageReference;
			repositoryURL = "https://github.com/firebase/firebase-ios-sdk";
			requirement = {
				kind = upToNextMajorVersion;
				minimumVersion = 10.0.0;
			};
		};
/* End XCRemoteSwiftPackageReference section */

/* Begin XCSwiftPackageProductDependency section */
		BEFB45DD2B27815600F0A808 /* FirebaseAuth */ = {
			isa = XCSwiftPackageProductDependency;
			package = BEFB45DC2B27815600F0A808 /* XCRemoteSwiftPackageReference "firebase-ios-sdk" */;
			productName = FirebaseAuth;
		};
		BEFB45DF2B27815600F0A808 /* FirebaseFirestore */ = {
			isa = XCSwiftPackageProductDependency;
			package = BEFB45DC2B27815600F0A808 /* XCRemoteSwiftPackageReference "firebase-ios-sdk" */;
			productName = FirebaseFirestore;
		};
/* End XCSwiftPackageProductDependency section */
	};
	rootObject = BEC7961F2B27727500E961E5 /* Project object */;
}
